// !$*UTF8*$!
{
	archiveVersion = 1;
	classes = {
	};
	objectVersion = 46;
	objects = {

/* Begin PBXBuildFile section */
		007F713E619B81D821BEA319 /* ofxFftBasic.cpp in Sources */ = {isa = PBXBuildFile; fileRef = CE67198F2891A8FFEA3686E6 /* ofxFftBasic.cpp */; };
		0546D1A38E13BD319CC9755B /* OscReceivedElements.cpp in Sources */ = {isa = PBXBuildFile; fileRef = 9BF3AA0D4FAA89D0F8A0E545 /* OscReceivedElements.cpp */; };
		0686C38EE993C67B96002FA1 /* kiss_fft.c in Sources */ = {isa = PBXBuildFile; fileRef = 4B053B6F1252BCFCFF0F59AC /* kiss_fft.c */; };
		128AA5721B4C47E8000C66C2 /* ofApp.cpp in Sources */ = {isa = PBXBuildFile; fileRef = 128AA5701B4C47E8000C66C2 /* ofApp.cpp */; };
		128AA5761B4C47EF000C66C2 /* main.cpp in Sources */ = {isa = PBXBuildFile; fileRef = 128AA5731B4C47EF000C66C2 /* main.cpp */; };
		128AA5811B4C482B000C66C2 /* ofxXmlSettings.cpp in Sources */ = {isa = PBXBuildFile; fileRef = 128AA57A1B4C482B000C66C2 /* ofxXmlSettings.cpp */; };
		128AA5821B4C482B000C66C2 /* tinyxml.cpp in Sources */ = {isa = PBXBuildFile; fileRef = 128AA57D1B4C482B000C66C2 /* tinyxml.cpp */; };
		128AA5831B4C482B000C66C2 /* tinyxmlerror.cpp in Sources */ = {isa = PBXBuildFile; fileRef = 128AA57F1B4C482B000C66C2 /* tinyxmlerror.cpp */; };
		128AA5841B4C482B000C66C2 /* tinyxmlparser.cpp in Sources */ = {isa = PBXBuildFile; fileRef = 128AA5801B4C482B000C66C2 /* tinyxmlparser.cpp */; };
		12D904DF1B4F9811000A1BA2 /* mondrian.cpp in Sources */ = {isa = PBXBuildFile; fileRef = 12D904DE1B4F9811000A1BA2 /* mondrian.cpp */; };
		152EAECABD008D84AF7F27F8 /* ofxEasingLinear.cpp in Sources */ = {isa = PBXBuildFile; fileRef = 9A4CFDCEA412E8BCDACA9B26 /* ofxEasingLinear.cpp */; };
		168C43F69AF6A8042EA0B13F /* easing_terms_of_use.html in Sources */ = {isa = PBXBuildFile; fileRef = 9AAEF50558BBDBEB5260FC35 /* easing_terms_of_use.html */; };
		27765D1BFF26BD9A6186915F /* ofxEasingCirc.cpp in Sources */ = {isa = PBXBuildFile; fileRef = A4973CEF438C8931B5E03E0A /* ofxEasingCirc.cpp */; };
		28090DEB5109115003E8F1C5 /* UdpSocketWin.cpp in Sources */ = {isa = PBXBuildFile; fileRef = 5928AA323F5C2690B06C837D /* UdpSocketWin.cpp */; };
		29938E05AF78B3DF7A591187 /* ofxFftw.cpp in Sources */ = {isa = PBXBuildFile; fileRef = 5F353204A917F4B2BCEEABE6 /* ofxFftw.cpp */; };
		32FC7731C1EF7B87E491C93D /* ofxTween.cpp in Sources */ = {isa = PBXBuildFile; fileRef = 497F252390399FCF843297DA /* ofxTween.cpp */; };
		47741AD4D543009E4DF29CEA /* ofxProcessFFT.cpp in Sources */ = {isa = PBXBuildFile; fileRef = 971B530AB93ACC5065D9489E /* ofxProcessFFT.cpp */; };
		4ADB88E2FB52E76A471065DE /* ofxOscParameterSync.cpp in Sources */ = {isa = PBXBuildFile; fileRef = 0AED834CE4DEC5260AF302A2 /* ofxOscParameterSync.cpp */; };
		510CAFE035E576A4E1502D52 /* UdpSocket.cpp in Sources */ = {isa = PBXBuildFile; fileRef = E6DEF695B88BA5FAACEAA937 /* UdpSocket.cpp */; };
		5864AD82E20F15536D054EA3 /* ofxOscMessage.cpp in Sources */ = {isa = PBXBuildFile; fileRef = DF49D76C45D5DB505A234880 /* ofxOscMessage.cpp */; };
		59EEACB88F062457FF86492C /* ofxEasingExpo.cpp in Sources */ = {isa = PBXBuildFile; fileRef = 0F26D4EDFF0E9EA8CF68B694 /* ofxEasingExpo.cpp */; };
		5E0DBDE5736DEB3A5886B3F1 /* ofxEasingBack.cpp in Sources */ = {isa = PBXBuildFile; fileRef = 7660DD2BE873BAD12E3A496D /* ofxEasingBack.cpp */; };
		62545D179C94265CA1389D4A /* OscOutboundPacketStream.cpp in Sources */ = {isa = PBXBuildFile; fileRef = 63A47AC60FFAFC3BF093EC0F /* OscOutboundPacketStream.cpp */; };
		640279EE111671BD026CB013 /* ofxOscReceiver.cpp in Sources */ = {isa = PBXBuildFile; fileRef = C2FAC65C491D4231379F3298 /* ofxOscReceiver.cpp */; };
		67FE4C7B15C2F0478C8126C2 /* NetworkingUtils.cpp in Sources */ = {isa = PBXBuildFile; fileRef = 3B361208CD4107E479F04E7B /* NetworkingUtils.cpp */; };
		6D7B53ED56654ABBF2FF13B1 /* ofxEasingQuad.cpp in Sources */ = {isa = PBXBuildFile; fileRef = B9E1DB01BD6701283FC87946 /* ofxEasingQuad.cpp */; };
		6DB9E3911BA6216FE1F0E91C /* kiss_fftr.c in Sources */ = {isa = PBXBuildFile; fileRef = DACFE8C08D7F4619176E65D7 /* kiss_fftr.c */; };
		6E062274743F6716A9AD4395 /* ofxEasingElastic.cpp in Sources */ = {isa = PBXBuildFile; fileRef = A26C4A6254126C99F0A65354 /* ofxEasingElastic.cpp */; };
		72A929D3561B8232A182ABFC /* ofxOscBundle.cpp in Sources */ = {isa = PBXBuildFile; fileRef = 65EEFA3DA3526E9CDD9C21F9 /* ofxOscBundle.cpp */; };
		7A61C288AE942E5885881232 /* ofxEasyFft.cpp in Sources */ = {isa = PBXBuildFile; fileRef = 67BFC7F21E824F5A7FAC65E0 /* ofxEasyFft.cpp */; };
		7E769097DE6561633305B24C /* ofxEasingQuint.cpp in Sources */ = {isa = PBXBuildFile; fileRef = FB8A50F8A34037BCD5DC10D0 /* ofxEasingQuint.cpp */; };
		85A41526FDFA1A8CDAEE81F7 /* ofxEasingQuart.cpp in Sources */ = {isa = PBXBuildFile; fileRef = 882494DB324414B7B31DB11C /* ofxEasingQuart.cpp */; };
		879A251454401BC0B6E4F238 /* OscTypes.cpp in Sources */ = {isa = PBXBuildFile; fileRef = D9BFFBBF4CC43DEE890B3C3E /* OscTypes.cpp */; };
		8F5205AEF8861EF234F0651A /* ofxOscSender.cpp in Sources */ = {isa = PBXBuildFile; fileRef = 81967292BFC87A0144BD32C6 /* ofxOscSender.cpp */; };
		9266028E1AECBB027ABF64D8 /* ofxEasing.cpp in Sources */ = {isa = PBXBuildFile; fileRef = 26E160699149D8AF609734A1 /* ofxEasing.cpp */; };
		A29D8C96AE042ECEAA1BD4F3 /* NetworkingUtilsWin.cpp in Sources */ = {isa = PBXBuildFile; fileRef = 2A5B1FAD3F30C8065C396ACB /* NetworkingUtilsWin.cpp */; };
		ADE367465D2A8EBAD4C7A8D9 /* IpEndpointName.cpp in Sources */ = {isa = PBXBuildFile; fileRef = ADD194746185E2DA11468377 /* IpEndpointName.cpp */; };
		BBAB23CB13894F3D00AA2426 /* GLUT.framework in CopyFiles */ = {isa = PBXBuildFile; fileRef = BBAB23BE13894E4700AA2426 /* GLUT.framework */; };
		C4782ECC372420ACE0615B74 /* OscPrintReceivedElements.cpp in Sources */ = {isa = PBXBuildFile; fileRef = BC8881B3C8C0A1C45F042E7A /* OscPrintReceivedElements.cpp */; };
		D409288D137DB82107887FFD /* ofxFft.cpp in Sources */ = {isa = PBXBuildFile; fileRef = 32CA89CD22339F4F9433CAF6 /* ofxFft.cpp */; };
		E4328149138ABC9F0047C5CB /* openFrameworksDebug.a in Frameworks */ = {isa = PBXBuildFile; fileRef = E4328148138ABC890047C5CB /* openFrameworksDebug.a */; };
		E45BE97B0E8CC7DD009D7055 /* AGL.framework in Frameworks */ = {isa = PBXBuildFile; fileRef = E45BE9710E8CC7DD009D7055 /* AGL.framework */; };
		E45BE97C0E8CC7DD009D7055 /* ApplicationServices.framework in Frameworks */ = {isa = PBXBuildFile; fileRef = E45BE9720E8CC7DD009D7055 /* ApplicationServices.framework */; };
		E45BE97D0E8CC7DD009D7055 /* AudioToolbox.framework in Frameworks */ = {isa = PBXBuildFile; fileRef = E45BE9730E8CC7DD009D7055 /* AudioToolbox.framework */; };
		E45BE97F0E8CC7DD009D7055 /* CoreAudio.framework in Frameworks */ = {isa = PBXBuildFile; fileRef = E45BE9750E8CC7DD009D7055 /* CoreAudio.framework */; };
		E45BE9800E8CC7DD009D7055 /* CoreFoundation.framework in Frameworks */ = {isa = PBXBuildFile; fileRef = E45BE9760E8CC7DD009D7055 /* CoreFoundation.framework */; };
		E45BE9810E8CC7DD009D7055 /* CoreServices.framework in Frameworks */ = {isa = PBXBuildFile; fileRef = E45BE9770E8CC7DD009D7055 /* CoreServices.framework */; };
		E45BE9830E8CC7DD009D7055 /* OpenGL.framework in Frameworks */ = {isa = PBXBuildFile; fileRef = E45BE9790E8CC7DD009D7055 /* OpenGL.framework */; };
		E45BE9840E8CC7DD009D7055 /* QuickTime.framework in Frameworks */ = {isa = PBXBuildFile; fileRef = E45BE97A0E8CC7DD009D7055 /* QuickTime.framework */; };
		E4C2424710CC5A17004149E2 /* AppKit.framework in Frameworks */ = {isa = PBXBuildFile; fileRef = E4C2424410CC5A17004149E2 /* AppKit.framework */; };
		E4C2424810CC5A17004149E2 /* Cocoa.framework in Frameworks */ = {isa = PBXBuildFile; fileRef = E4C2424510CC5A17004149E2 /* Cocoa.framework */; };
		E4C2424910CC5A17004149E2 /* IOKit.framework in Frameworks */ = {isa = PBXBuildFile; fileRef = E4C2424610CC5A17004149E2 /* IOKit.framework */; };
		E4EB6799138ADC1D00A09F29 /* GLUT.framework in Frameworks */ = {isa = PBXBuildFile; fileRef = BBAB23BE13894E4700AA2426 /* GLUT.framework */; };
		E7E077E515D3B63C0020DFD4 /* CoreVideo.framework in Frameworks */ = {isa = PBXBuildFile; fileRef = E7E077E415D3B63C0020DFD4 /* CoreVideo.framework */; };
		E7E077E815D3B6510020DFD4 /* QTKit.framework in Frameworks */ = {isa = PBXBuildFile; fileRef = E7E077E715D3B6510020DFD4 /* QTKit.framework */; };
		E7F985F815E0DEA3003869B5 /* Accelerate.framework in Frameworks */ = {isa = PBXBuildFile; fileRef = E7F985F515E0DE99003869B5 /* Accelerate.framework */; };
		E816D7D242D315FB53E23F54 /* ofxEasingCubic.cpp in Sources */ = {isa = PBXBuildFile; fileRef = 34AA5DBAF88C8B757B46D40D /* ofxEasingCubic.cpp */; };
		EAD3CE0789481F975F351F39 /* ofxEasingBounce.cpp in Sources */ = {isa = PBXBuildFile; fileRef = 00B7E2794A10F926DF630529 /* ofxEasingBounce.cpp */; };
		F6E7D6C01B3F2E112EB0533D /* ofxPostGlitch.cpp in Sources */ = {isa = PBXBuildFile; fileRef = 40C409F696FE990F95E1B9D3 /* ofxPostGlitch.cpp */; };
		F8EE25F765782ABAC54C8E81 /* ofxTrueTypeFontUL2.cpp in Sources */ = {isa = PBXBuildFile; fileRef = CD998440951DD725C41457D0 /* ofxTrueTypeFontUL2.cpp */; };
		FE278F5F783581237AE8ECB2 /* ofxEasingSine.cpp in Sources */ = {isa = PBXBuildFile; fileRef = 5FABA58C3070AF2F33E8C257 /* ofxEasingSine.cpp */; };
/* End PBXBuildFile section */

/* Begin PBXContainerItemProxy section */
		E4328147138ABC890047C5CB /* PBXContainerItemProxy */ = {
			isa = PBXContainerItemProxy;
			containerPortal = E4328143138ABC890047C5CB /* openFrameworksLib.xcodeproj */;
			proxyType = 2;
			remoteGlobalIDString = E4B27C1510CBEB8E00536013;
			remoteInfo = openFrameworks;
		};
		E4EEB9AB138B136A00A80321 /* PBXContainerItemProxy */ = {
			isa = PBXContainerItemProxy;
			containerPortal = E4328143138ABC890047C5CB /* openFrameworksLib.xcodeproj */;
			proxyType = 1;
			remoteGlobalIDString = E4B27C1410CBEB8E00536013;
			remoteInfo = openFrameworks;
		};
/* End PBXContainerItemProxy section */

/* Begin PBXCopyFilesBuildPhase section */
		E4C2427710CC5ABF004149E2 /* CopyFiles */ = {
			isa = PBXCopyFilesBuildPhase;
			buildActionMask = 2147483647;
			dstPath = "";
			dstSubfolderSpec = 10;
			files = (
				BBAB23CB13894F3D00AA2426 /* GLUT.framework in CopyFiles */,
			);
			runOnlyForDeploymentPostprocessing = 0;
		};
/* End PBXCopyFilesBuildPhase section */

/* Begin PBXFileReference section */
		00B7E2794A10F926DF630529 /* ofxEasingBounce.cpp */ = {isa = PBXFileReference; explicitFileType = sourcecode.cpp.cpp; fileEncoding = 30; name = ofxEasingBounce.cpp; path = ../../../addons/ofxTween/src/Easings/ofxEasingBounce.cpp; sourceTree = SOURCE_ROOT; };
		00D6D32B84B099226431108C /* ofxOsc.h */ = {isa = PBXFileReference; explicitFileType = sourcecode.c.h; fileEncoding = 30; name = ofxOsc.h; path = ../../../addons/ofxOsc/src/ofxOsc.h; sourceTree = SOURCE_ROOT; };
		029684CF678F70F6D3537A29 /* OscOutboundPacketStream.h */ = {isa = PBXFileReference; explicitFileType = sourcecode.c.h; fileEncoding = 30; name = OscOutboundPacketStream.h; path = ../../../addons/ofxOsc/libs/oscpack/src/osc/OscOutboundPacketStream.h; sourceTree = SOURCE_ROOT; };
		0585F43EE34D9E92B01477D3 /* hb.h */ = {isa = PBXFileReference; explicitFileType = sourcecode.c.h; fileEncoding = 30; name = hb.h; path = ../../../addons/ofxTrueTypeFontUL2/libs/harfbuzz/include/hb.h; sourceTree = SOURCE_ROOT; };
		0AED834CE4DEC5260AF302A2 /* ofxOscParameterSync.cpp */ = {isa = PBXFileReference; explicitFileType = sourcecode.cpp.cpp; fileEncoding = 30; name = ofxOscParameterSync.cpp; path = ../../../addons/ofxOsc/src/ofxOscParameterSync.cpp; sourceTree = SOURCE_ROOT; };
		0F26D4EDFF0E9EA8CF68B694 /* ofxEasingExpo.cpp */ = {isa = PBXFileReference; explicitFileType = sourcecode.cpp.cpp; fileEncoding = 30; name = ofxEasingExpo.cpp; path = ../../../addons/ofxTween/src/Easings/ofxEasingExpo.cpp; sourceTree = SOURCE_ROOT; };
		128AA5701B4C47E8000C66C2 /* ofApp.cpp */ = {isa = PBXFileReference; fileEncoding = 4; lastKnownFileType = sourcecode.cpp.cpp; path = ofApp.cpp; sourceTree = "<group>"; };
		128AA5731B4C47EF000C66C2 /* main.cpp */ = {isa = PBXFileReference; fileEncoding = 4; lastKnownFileType = sourcecode.cpp.cpp; path = main.cpp; sourceTree = "<group>"; };
		128AA5751B4C47EF000C66C2 /* mondrian.h */ = {isa = PBXFileReference; fileEncoding = 4; lastKnownFileType = sourcecode.c.h; path = mondrian.h; sourceTree = "<group>"; };
		128AA57A1B4C482B000C66C2 /* ofxXmlSettings.cpp */ = {isa = PBXFileReference; lastKnownFileType = sourcecode.cpp.cpp; path = ofxXmlSettings.cpp; sourceTree = "<group>"; };
		128AA57B1B4C482B000C66C2 /* ofxXmlSettings.h */ = {isa = PBXFileReference; lastKnownFileType = sourcecode.c.h; path = ofxXmlSettings.h; sourceTree = "<group>"; };
		128AA57D1B4C482B000C66C2 /* tinyxml.cpp */ = {isa = PBXFileReference; lastKnownFileType = sourcecode.cpp.cpp; path = tinyxml.cpp; sourceTree = "<group>"; };
		128AA57E1B4C482B000C66C2 /* tinyxml.h */ = {isa = PBXFileReference; lastKnownFileType = sourcecode.c.h; path = tinyxml.h; sourceTree = "<group>"; };
		128AA57F1B4C482B000C66C2 /* tinyxmlerror.cpp */ = {isa = PBXFileReference; lastKnownFileType = sourcecode.cpp.cpp; path = tinyxmlerror.cpp; sourceTree = "<group>"; };
		128AA5801B4C482B000C66C2 /* tinyxmlparser.cpp */ = {isa = PBXFileReference; lastKnownFileType = sourcecode.cpp.cpp; path = tinyxmlparser.cpp; sourceTree = "<group>"; };
		12D7E2971B51292A0045C234 /* ofApp.h */ = {isa = PBXFileReference; lastKnownFileType = sourcecode.c.h; path = ofApp.h; sourceTree = "<group>"; };
		12D904DE1B4F9811000A1BA2 /* mondrian.cpp */ = {isa = PBXFileReference; fileEncoding = 4; lastKnownFileType = sourcecode.cpp.cpp; path = mondrian.cpp; sourceTree = "<group>"; };
		13A80B62FF7D99644282CAC1 /* ofxTrueTypeFontUL2.h */ = {isa = PBXFileReference; explicitFileType = sourcecode.c.h; fileEncoding = 30; name = ofxTrueTypeFontUL2.h; path = ../../../addons/ofxTrueTypeFontUL2/src/ofxTrueTypeFontUL2.h; sourceTree = SOURCE_ROOT; };
		1B8D7E1227C052B3202C0C0A /* hb-version.h */ = {isa = PBXFileReference; explicitFileType = sourcecode.c.h; fileEncoding = 30; name = "hb-version.h"; path = "../../../addons/ofxTrueTypeFontUL2/libs/harfbuzz/include/hb-version.h"; sourceTree = SOURCE_ROOT; };
		1CBD6F883000C78087DD5738 /* _kiss_fft_guts.h */ = {isa = PBXFileReference; explicitFileType = sourcecode.c.h; fileEncoding = 30; name = _kiss_fft_guts.h; path = ../../../addons/ofxFft/libs/kiss/_kiss_fft_guts.h; sourceTree = SOURCE_ROOT; };
		20F35AFADAF0068B067E713F /* OscReceivedElements.h */ = {isa = PBXFileReference; explicitFileType = sourcecode.c.h; fileEncoding = 30; name = OscReceivedElements.h; path = ../../../addons/ofxOsc/libs/oscpack/src/osc/OscReceivedElements.h; sourceTree = SOURCE_ROOT; };
		23640F57DF6C4BB6BFC5DA4C /* PacketListener.h */ = {isa = PBXFileReference; explicitFileType = sourcecode.c.h; fileEncoding = 30; name = PacketListener.h; path = ../../../addons/ofxOsc/libs/oscpack/src/ip/PacketListener.h; sourceTree = SOURCE_ROOT; };
		2495ADD74220D1D5BA27E7EF /* hb-common.h */ = {isa = PBXFileReference; explicitFileType = sourcecode.c.h; fileEncoding = 30; name = "hb-common.h"; path = "../../../addons/ofxTrueTypeFontUL2/libs/harfbuzz/include/hb-common.h"; sourceTree = SOURCE_ROOT; };
		26E160699149D8AF609734A1 /* ofxEasing.cpp */ = {isa = PBXFileReference; explicitFileType = sourcecode.cpp.cpp; fileEncoding = 30; name = ofxEasing.cpp; path = ../../../addons/ofxTween/src/Easings/ofxEasing.cpp; sourceTree = SOURCE_ROOT; };
		2763B0A91C02D5388C62DC0A /* hb-font.h */ = {isa = PBXFileReference; explicitFileType = sourcecode.c.h; fileEncoding = 30; name = "hb-font.h"; path = "../../../addons/ofxTrueTypeFontUL2/libs/harfbuzz/include/hb-font.h"; sourceTree = SOURCE_ROOT; };
		2A5B1FAD3F30C8065C396ACB /* NetworkingUtilsWin.cpp */ = {isa = PBXFileReference; explicitFileType = sourcecode.cpp.cpp; fileEncoding = 30; name = NetworkingUtilsWin.cpp; path = ../../../addons/ofxOsc/libs/oscpack/src/ip/win32/NetworkingUtilsWin.cpp; sourceTree = SOURCE_ROOT; };
		2ABB6282FF41F505D8BFEB28 /* hb-shape-plan.h */ = {isa = PBXFileReference; explicitFileType = sourcecode.c.h; fileEncoding = 30; name = "hb-shape-plan.h"; path = "../../../addons/ofxTrueTypeFontUL2/libs/harfbuzz/include/hb-shape-plan.h"; sourceTree = SOURCE_ROOT; };
		2C85B128913A3D7C1FDDAE6B /* hb-ot-tag.h */ = {isa = PBXFileReference; explicitFileType = sourcecode.c.h; fileEncoding = 30; name = "hb-ot-tag.h"; path = "../../../addons/ofxTrueTypeFontUL2/libs/harfbuzz/include/hb-ot-tag.h"; sourceTree = SOURCE_ROOT; };
		2D0C0AA4436B2A16530BA991 /* fftw3.h */ = {isa = PBXFileReference; explicitFileType = sourcecode.c.h; fileEncoding = 30; name = fftw3.h; path = ../../../addons/ofxFft/libs/fftw/include/fftw3.h; sourceTree = SOURCE_ROOT; };
		2D5948ECCE531AE25BE5E03B /* hb-shape.h */ = {isa = PBXFileReference; explicitFileType = sourcecode.c.h; fileEncoding = 30; name = "hb-shape.h"; path = "../../../addons/ofxTrueTypeFontUL2/libs/harfbuzz/include/hb-shape.h"; sourceTree = SOURCE_ROOT; };
		2FD4B0329909D3527F003494 /* UdpSocket.h */ = {isa = PBXFileReference; explicitFileType = sourcecode.c.h; fileEncoding = 30; name = UdpSocket.h; path = ../../../addons/ofxOsc/libs/oscpack/src/ip/UdpSocket.h; sourceTree = SOURCE_ROOT; };
		32CA89CD22339F4F9433CAF6 /* ofxFft.cpp */ = {isa = PBXFileReference; explicitFileType = sourcecode.cpp.cpp; fileEncoding = 30; name = ofxFft.cpp; path = ../../../addons/ofxFft/src/ofxFft.cpp; sourceTree = SOURCE_ROOT; };
		34AA5DBAF88C8B757B46D40D /* ofxEasingCubic.cpp */ = {isa = PBXFileReference; explicitFileType = sourcecode.cpp.cpp; fileEncoding = 30; name = ofxEasingCubic.cpp; path = ../../../addons/ofxTween/src/Easings/ofxEasingCubic.cpp; sourceTree = SOURCE_ROOT; };
		3B361208CD4107E479F04E7B /* NetworkingUtils.cpp */ = {isa = PBXFileReference; explicitFileType = sourcecode.cpp.cpp; fileEncoding = 30; name = NetworkingUtils.cpp; path = ../../../addons/ofxOsc/libs/oscpack/src/ip/posix/NetworkingUtils.cpp; sourceTree = SOURCE_ROOT; };
		3DC6648A0468FBECB5E45B57 /* ofxTween.h */ = {isa = PBXFileReference; explicitFileType = sourcecode.c.h; fileEncoding = 30; name = ofxTween.h; path = ../../../addons/ofxTween/src/ofxTween.h; sourceTree = SOURCE_ROOT; };
		40C409F696FE990F95E1B9D3 /* ofxPostGlitch.cpp */ = {isa = PBXFileReference; explicitFileType = sourcecode.cpp.cpp; fileEncoding = 30; name = ofxPostGlitch.cpp; path = ../../../addons/ofxPostGlitch/src/ofxPostGlitch.cpp; sourceTree = SOURCE_ROOT; };
		444657A12E59D0ED86981498 /* TimerListener.h */ = {isa = PBXFileReference; explicitFileType = sourcecode.c.h; fileEncoding = 30; name = TimerListener.h; path = ../../../addons/ofxOsc/libs/oscpack/src/ip/TimerListener.h; sourceTree = SOURCE_ROOT; };
		48974F980F51769171D0B2F5 /* IpEndpointName.h */ = {isa = PBXFileReference; explicitFileType = sourcecode.c.h; fileEncoding = 30; name = IpEndpointName.h; path = ../../../addons/ofxOsc/libs/oscpack/src/ip/IpEndpointName.h; sourceTree = SOURCE_ROOT; };
		497F252390399FCF843297DA /* ofxTween.cpp */ = {isa = PBXFileReference; explicitFileType = sourcecode.cpp.cpp; fileEncoding = 30; name = ofxTween.cpp; path = ../../../addons/ofxTween/src/ofxTween.cpp; sourceTree = SOURCE_ROOT; };
		4B053B6F1252BCFCFF0F59AC /* kiss_fft.c */ = {isa = PBXFileReference; explicitFileType = sourcecode.c.c; fileEncoding = 30; name = kiss_fft.c; path = ../../../addons/ofxFft/libs/kiss/kiss_fft.c; sourceTree = SOURCE_ROOT; };
		4C0E055E4176057631087AA3 /* ofxEasingQuart.h */ = {isa = PBXFileReference; explicitFileType = sourcecode.c.h; fileEncoding = 30; name = ofxEasingQuart.h; path = ../../../addons/ofxTween/src/Easings/ofxEasingQuart.h; sourceTree = SOURCE_ROOT; };
		4E95FB446A9C9C6F0DE12D75 /* OscPrintReceivedElements.h */ = {isa = PBXFileReference; explicitFileType = sourcecode.c.h; fileEncoding = 30; name = OscPrintReceivedElements.h; path = ../../../addons/ofxOsc/libs/oscpack/src/osc/OscPrintReceivedElements.h; sourceTree = SOURCE_ROOT; };
		54CA7A768EDCEA9A38698A34 /* hb-blob.h */ = {isa = PBXFileReference; explicitFileType = sourcecode.c.h; fileEncoding = 30; name = "hb-blob.h"; path = "../../../addons/ofxTrueTypeFontUL2/libs/harfbuzz/include/hb-blob.h"; sourceTree = SOURCE_ROOT; };
		55BD51B6DCED3B3535B3462E /* hb-buffer.h */ = {isa = PBXFileReference; explicitFileType = sourcecode.c.h; fileEncoding = 30; name = "hb-buffer.h"; path = "../../../addons/ofxTrueTypeFontUL2/libs/harfbuzz/include/hb-buffer.h"; sourceTree = SOURCE_ROOT; };
		5928AA323F5C2690B06C837D /* UdpSocketWin.cpp */ = {isa = PBXFileReference; explicitFileType = sourcecode.cpp.cpp; fileEncoding = 30; name = UdpSocketWin.cpp; path = ../../../addons/ofxOsc/libs/oscpack/src/ip/win32/UdpSocketWin.cpp; sourceTree = SOURCE_ROOT; };
		5E9E6513BEC36148928518B7 /* ofxEasingQuint.h */ = {isa = PBXFileReference; explicitFileType = sourcecode.c.h; fileEncoding = 30; name = ofxEasingQuint.h; path = ../../../addons/ofxTween/src/Easings/ofxEasingQuint.h; sourceTree = SOURCE_ROOT; };
		5EA64DFDEC9274FEAFD6324D /* hb-ot-layout.h */ = {isa = PBXFileReference; explicitFileType = sourcecode.c.h; fileEncoding = 30; name = "hb-ot-layout.h"; path = "../../../addons/ofxTrueTypeFontUL2/libs/harfbuzz/include/hb-ot-layout.h"; sourceTree = SOURCE_ROOT; };
		5F353204A917F4B2BCEEABE6 /* ofxFftw.cpp */ = {isa = PBXFileReference; explicitFileType = sourcecode.cpp.cpp; fileEncoding = 30; name = ofxFftw.cpp; path = ../../../addons/ofxFft/src/ofxFftw.cpp; sourceTree = SOURCE_ROOT; };
		5FABA58C3070AF2F33E8C257 /* ofxEasingSine.cpp */ = {isa = PBXFileReference; explicitFileType = sourcecode.cpp.cpp; fileEncoding = 30; name = ofxEasingSine.cpp; path = ../../../addons/ofxTween/src/Easings/ofxEasingSine.cpp; sourceTree = SOURCE_ROOT; };
		63A47AC60FFAFC3BF093EC0F /* OscOutboundPacketStream.cpp */ = {isa = PBXFileReference; explicitFileType = sourcecode.cpp.cpp; fileEncoding = 30; name = OscOutboundPacketStream.cpp; path = ../../../addons/ofxOsc/libs/oscpack/src/osc/OscOutboundPacketStream.cpp; sourceTree = SOURCE_ROOT; };
		65EEFA3DA3526E9CDD9C21F9 /* ofxOscBundle.cpp */ = {isa = PBXFileReference; explicitFileType = sourcecode.cpp.cpp; fileEncoding = 30; name = ofxOscBundle.cpp; path = ../../../addons/ofxOsc/src/ofxOscBundle.cpp; sourceTree = SOURCE_ROOT; };
		67BFC7F21E824F5A7FAC65E0 /* ofxEasyFft.cpp */ = {isa = PBXFileReference; explicitFileType = sourcecode.cpp.cpp; fileEncoding = 30; name = ofxEasyFft.cpp; path = ../../../addons/ofxFft/src/ofxEasyFft.cpp; sourceTree = SOURCE_ROOT; };
		67DBED026597C0EE427F0379 /* ofxPostGlitch.h */ = {isa = PBXFileReference; explicitFileType = sourcecode.c.h; fileEncoding = 30; name = ofxPostGlitch.h; path = ../../../addons/ofxPostGlitch/src/ofxPostGlitch.h; sourceTree = SOURCE_ROOT; };
		6B65E6930994CC4B2D2B8B33 /* OscPacketListener.h */ = {isa = PBXFileReference; explicitFileType = sourcecode.c.h; fileEncoding = 30; name = OscPacketListener.h; path = ../../../addons/ofxOsc/libs/oscpack/src/osc/OscPacketListener.h; sourceTree = SOURCE_ROOT; };
		7599804C6260EC1CD8D3567D /* ofxEasingLinear.h */ = {isa = PBXFileReference; explicitFileType = sourcecode.c.h; fileEncoding = 30; name = ofxEasingLinear.h; path = ../../../addons/ofxTween/src/Easings/ofxEasingLinear.h; sourceTree = SOURCE_ROOT; };
		7660DD2BE873BAD12E3A496D /* ofxEasingBack.cpp */ = {isa = PBXFileReference; explicitFileType = sourcecode.cpp.cpp; fileEncoding = 30; name = ofxEasingBack.cpp; path = ../../../addons/ofxTween/src/Easings/ofxEasingBack.cpp; sourceTree = SOURCE_ROOT; };
		767479279EBAC134D46E74E7 /* ofxEasingExpo.h */ = {isa = PBXFileReference; explicitFileType = sourcecode.c.h; fileEncoding = 30; name = ofxEasingExpo.h; path = ../../../addons/ofxTween/src/Easings/ofxEasingExpo.h; sourceTree = SOURCE_ROOT; };
		7689F8A0F3D0B7635A8C3104 /* ofxOscArg.h */ = {isa = PBXFileReference; explicitFileType = sourcecode.c.h; fileEncoding = 30; name = ofxOscArg.h; path = ../../../addons/ofxOsc/src/ofxOscArg.h; sourceTree = SOURCE_ROOT; };
		7912619B786F0238D22ED5F3 /* ofxEasingBack.h */ = {isa = PBXFileReference; explicitFileType = sourcecode.c.h; fileEncoding = 30; name = ofxEasingBack.h; path = ../../../addons/ofxTween/src/Easings/ofxEasingBack.h; sourceTree = SOURCE_ROOT; };
		7D3BE1A2ADAFC399E7B20A91 /* ofxFftBasic.h */ = {isa = PBXFileReference; explicitFileType = sourcecode.c.h; fileEncoding = 30; name = ofxFftBasic.h; path = ../../../addons/ofxFft/src/ofxFftBasic.h; sourceTree = SOURCE_ROOT; };
		81967292BFC87A0144BD32C6 /* ofxOscSender.cpp */ = {isa = PBXFileReference; explicitFileType = sourcecode.cpp.cpp; fileEncoding = 30; name = ofxOscSender.cpp; path = ../../../addons/ofxOsc/src/ofxOscSender.cpp; sourceTree = SOURCE_ROOT; };
		882494DB324414B7B31DB11C /* ofxEasingQuart.cpp */ = {isa = PBXFileReference; explicitFileType = sourcecode.cpp.cpp; fileEncoding = 30; name = ofxEasingQuart.cpp; path = ../../../addons/ofxTween/src/Easings/ofxEasingQuart.cpp; sourceTree = SOURCE_ROOT; };
		8B30E93FD3D3475EED522A0E /* ofxOscBundle.h */ = {isa = PBXFileReference; explicitFileType = sourcecode.c.h; fileEncoding = 30; name = ofxOscBundle.h; path = ../../../addons/ofxOsc/src/ofxOscBundle.h; sourceTree = SOURCE_ROOT; };
		8C75AFC8774A62495DD53464 /* ofxOscReceiver.h */ = {isa = PBXFileReference; explicitFileType = sourcecode.c.h; fileEncoding = 30; name = ofxOscReceiver.h; path = ../../../addons/ofxOsc/src/ofxOscReceiver.h; sourceTree = SOURCE_ROOT; };
		93991A6DC64AFE1ABC43CF66 /* hb-deprecated.h */ = {isa = PBXFileReference; explicitFileType = sourcecode.c.h; fileEncoding = 30; name = "hb-deprecated.h"; path = "../../../addons/ofxTrueTypeFontUL2/libs/harfbuzz/include/hb-deprecated.h"; sourceTree = SOURCE_ROOT; };
		971B530AB93ACC5065D9489E /* ofxProcessFFT.cpp */ = {isa = PBXFileReference; explicitFileType = sourcecode.cpp.cpp; fileEncoding = 30; name = ofxProcessFFT.cpp; path = ../../../addons/ofxFft/src/ofxProcessFFT.cpp; sourceTree = SOURCE_ROOT; };
		977E7DDA94E88633BE025A78 /* kiss_fftr.h */ = {isa = PBXFileReference; explicitFileType = sourcecode.c.h; fileEncoding = 30; name = kiss_fftr.h; path = ../../../addons/ofxFft/libs/kiss/kiss_fftr.h; sourceTree = SOURCE_ROOT; };
		9A2FCCF1ABF23081D2CD9D5F /* ofxProcessFFT.h */ = {isa = PBXFileReference; explicitFileType = sourcecode.c.h; fileEncoding = 30; name = ofxProcessFFT.h; path = ../../../addons/ofxFft/src/ofxProcessFFT.h; sourceTree = SOURCE_ROOT; };
		9A4CFDCEA412E8BCDACA9B26 /* ofxEasingLinear.cpp */ = {isa = PBXFileReference; explicitFileType = sourcecode.cpp.cpp; fileEncoding = 30; name = ofxEasingLinear.cpp; path = ../../../addons/ofxTween/src/Easings/ofxEasingLinear.cpp; sourceTree = SOURCE_ROOT; };
		9AAEF50558BBDBEB5260FC35 /* easing_terms_of_use.html */ = {isa = PBXFileReference; explicitFileType = file; fileEncoding = 30; name = easing_terms_of_use.html; path = ../../../addons/ofxTween/src/Easings/easing_terms_of_use.html; sourceTree = SOURCE_ROOT; };
		9BF3AA0D4FAA89D0F8A0E545 /* OscReceivedElements.cpp */ = {isa = PBXFileReference; explicitFileType = sourcecode.cpp.cpp; fileEncoding = 30; name = OscReceivedElements.cpp; path = ../../../addons/ofxOsc/libs/oscpack/src/osc/OscReceivedElements.cpp; sourceTree = SOURCE_ROOT; };
		9F7986DC4EB05E75FCE2C777 /* ofxOscSender.h */ = {isa = PBXFileReference; explicitFileType = sourcecode.c.h; fileEncoding = 30; name = ofxOscSender.h; path = ../../../addons/ofxOsc/src/ofxOscSender.h; sourceTree = SOURCE_ROOT; };
		A26C4A6254126C99F0A65354 /* ofxEasingElastic.cpp */ = {isa = PBXFileReference; explicitFileType = sourcecode.cpp.cpp; fileEncoding = 30; name = ofxEasingElastic.cpp; path = ../../../addons/ofxTween/src/Easings/ofxEasingElastic.cpp; sourceTree = SOURCE_ROOT; };
		A2AAA8CA403479E6FCDF920E /* OscHostEndianness.h */ = {isa = PBXFileReference; explicitFileType = sourcecode.c.h; fileEncoding = 30; name = OscHostEndianness.h; path = ../../../addons/ofxOsc/libs/oscpack/src/osc/OscHostEndianness.h; sourceTree = SOURCE_ROOT; };
		A32C1FDA08871DDF7D230A49 /* hb-ft.h */ = {isa = PBXFileReference; explicitFileType = sourcecode.c.h; fileEncoding = 30; name = "hb-ft.h"; path = "../../../addons/ofxTrueTypeFontUL2/libs/harfbuzz/include/hb-ft.h"; sourceTree = SOURCE_ROOT; };
		A4973CEF438C8931B5E03E0A /* ofxEasingCirc.cpp */ = {isa = PBXFileReference; explicitFileType = sourcecode.cpp.cpp; fileEncoding = 30; name = ofxEasingCirc.cpp; path = ../../../addons/ofxTween/src/Easings/ofxEasingCirc.cpp; sourceTree = SOURCE_ROOT; };
		A6F65D3430FD7E893FFF58F3 /* kiss_fft.h */ = {isa = PBXFileReference; explicitFileType = sourcecode.c.h; fileEncoding = 30; name = kiss_fft.h; path = ../../../addons/ofxFft/libs/kiss/kiss_fft.h; sourceTree = SOURCE_ROOT; };
		A9FE46C20E767B29C5997AD3 /* ofxEasingBounce.h */ = {isa = PBXFileReference; explicitFileType = sourcecode.c.h; fileEncoding = 30; name = ofxEasingBounce.h; path = ../../../addons/ofxTween/src/Easings/ofxEasingBounce.h; sourceTree = SOURCE_ROOT; };
		ADD194746185E2DA11468377 /* IpEndpointName.cpp */ = {isa = PBXFileReference; explicitFileType = sourcecode.cpp.cpp; fileEncoding = 30; name = IpEndpointName.cpp; path = ../../../addons/ofxOsc/libs/oscpack/src/ip/IpEndpointName.cpp; sourceTree = SOURCE_ROOT; };
		AE335EB4709BFD4671EEAC84 /* MessageMappingOscPacketListener.h */ = {isa = PBXFileReference; explicitFileType = sourcecode.c.h; fileEncoding = 30; name = MessageMappingOscPacketListener.h; path = ../../../addons/ofxOsc/libs/oscpack/src/osc/MessageMappingOscPacketListener.h; sourceTree = SOURCE_ROOT; };
		AF17EB492DB2858A0EBD94CD /* ofxEasingCirc.h */ = {isa = PBXFileReference; explicitFileType = sourcecode.c.h; fileEncoding = 30; name = ofxEasingCirc.h; path = ../../../addons/ofxTween/src/Easings/ofxEasingCirc.h; sourceTree = SOURCE_ROOT; };
		B07C508E7717E6C892502ADF /* ofxEasingQuad.h */ = {isa = PBXFileReference; explicitFileType = sourcecode.c.h; fileEncoding = 30; name = ofxEasingQuad.h; path = ../../../addons/ofxTween/src/Easings/ofxEasingQuad.h; sourceTree = SOURCE_ROOT; };
		B31C608870ECEB2490A93736 /* ofxOscParameterSync.h */ = {isa = PBXFileReference; explicitFileType = sourcecode.c.h; fileEncoding = 30; name = ofxOscParameterSync.h; path = ../../../addons/ofxOsc/src/ofxOscParameterSync.h; sourceTree = SOURCE_ROOT; };
		B36431C04C788FEDB1ECD8FC /* ofxFft.h */ = {isa = PBXFileReference; explicitFileType = sourcecode.c.h; fileEncoding = 30; name = ofxFft.h; path = ../../../addons/ofxFft/src/ofxFft.h; sourceTree = SOURCE_ROOT; };
		B788152C3FE538E700D063C7 /* ofxEasingCubic.h */ = {isa = PBXFileReference; explicitFileType = sourcecode.c.h; fileEncoding = 30; name = ofxEasingCubic.h; path = ../../../addons/ofxTween/src/Easings/ofxEasingCubic.h; sourceTree = SOURCE_ROOT; };
		B8F1A2DAEB44F57E9E86E21A /* hb-face.h */ = {isa = PBXFileReference; explicitFileType = sourcecode.c.h; fileEncoding = 30; name = "hb-face.h"; path = "../../../addons/ofxTrueTypeFontUL2/libs/harfbuzz/include/hb-face.h"; sourceTree = SOURCE_ROOT; };
		B9E1DB01BD6701283FC87946 /* ofxEasingQuad.cpp */ = {isa = PBXFileReference; explicitFileType = sourcecode.cpp.cpp; fileEncoding = 30; name = ofxEasingQuad.cpp; path = ../../../addons/ofxTween/src/Easings/ofxEasingQuad.cpp; sourceTree = SOURCE_ROOT; };
		BBAB23BE13894E4700AA2426 /* GLUT.framework */ = {isa = PBXFileReference; lastKnownFileType = wrapper.framework; name = GLUT.framework; path = ../../../libs/glut/lib/osx/GLUT.framework; sourceTree = "<group>"; };
		BC8881B3C8C0A1C45F042E7A /* OscPrintReceivedElements.cpp */ = {isa = PBXFileReference; explicitFileType = sourcecode.cpp.cpp; fileEncoding = 30; name = OscPrintReceivedElements.cpp; path = ../../../addons/ofxOsc/libs/oscpack/src/osc/OscPrintReceivedElements.cpp; sourceTree = SOURCE_ROOT; };
		C2FAC65C491D4231379F3298 /* ofxOscReceiver.cpp */ = {isa = PBXFileReference; explicitFileType = sourcecode.cpp.cpp; fileEncoding = 30; name = ofxOscReceiver.cpp; path = ../../../addons/ofxOsc/src/ofxOscReceiver.cpp; sourceTree = SOURCE_ROOT; };
		C58862C6D212C8E8A83810F4 /* ofxOscMessage.h */ = {isa = PBXFileReference; explicitFileType = sourcecode.c.h; fileEncoding = 30; name = ofxOscMessage.h; path = ../../../addons/ofxOsc/src/ofxOscMessage.h; sourceTree = SOURCE_ROOT; };
		C6937888E126BADC8777423B /* OscTypes.h */ = {isa = PBXFileReference; explicitFileType = sourcecode.c.h; fileEncoding = 30; name = OscTypes.h; path = ../../../addons/ofxOsc/libs/oscpack/src/osc/OscTypes.h; sourceTree = SOURCE_ROOT; };
		CAB67BC7A1CC020FDAC5381B /* ofxEasyFft.h */ = {isa = PBXFileReference; explicitFileType = sourcecode.c.h; fileEncoding = 30; name = ofxEasyFft.h; path = ../../../addons/ofxFft/src/ofxEasyFft.h; sourceTree = SOURCE_ROOT; };
		CD998440951DD725C41457D0 /* ofxTrueTypeFontUL2.cpp */ = {isa = PBXFileReference; explicitFileType = sourcecode.cpp.cpp; fileEncoding = 30; name = ofxTrueTypeFontUL2.cpp; path = ../../../addons/ofxTrueTypeFontUL2/src/ofxTrueTypeFontUL2.cpp; sourceTree = SOURCE_ROOT; };
		CE67198F2891A8FFEA3686E6 /* ofxFftBasic.cpp */ = {isa = PBXFileReference; explicitFileType = sourcecode.cpp.cpp; fileEncoding = 30; name = ofxFftBasic.cpp; path = ../../../addons/ofxFft/src/ofxFftBasic.cpp; sourceTree = SOURCE_ROOT; };
		CF917FA8D91191B6652CDF81 /* hb-set.h */ = {isa = PBXFileReference; explicitFileType = sourcecode.c.h; fileEncoding = 30; name = "hb-set.h"; path = "../../../addons/ofxTrueTypeFontUL2/libs/harfbuzz/include/hb-set.h"; sourceTree = SOURCE_ROOT; };
		D8952DEFF3CE56AC1009A996 /* ofxFftw.h */ = {isa = PBXFileReference; explicitFileType = sourcecode.c.h; fileEncoding = 30; name = ofxFftw.h; path = ../../../addons/ofxFft/src/ofxFftw.h; sourceTree = SOURCE_ROOT; };
		D9BFFBBF4CC43DEE890B3C3E /* OscTypes.cpp */ = {isa = PBXFileReference; explicitFileType = sourcecode.cpp.cpp; fileEncoding = 30; name = OscTypes.cpp; path = ../../../addons/ofxOsc/libs/oscpack/src/osc/OscTypes.cpp; sourceTree = SOURCE_ROOT; };
		DACFE8C08D7F4619176E65D7 /* kiss_fftr.c */ = {isa = PBXFileReference; explicitFileType = sourcecode.c.c; fileEncoding = 30; name = kiss_fftr.c; path = ../../../addons/ofxFft/libs/kiss/kiss_fftr.c; sourceTree = SOURCE_ROOT; };
		DD476420FBC881796F865BB5 /* ofxEasingSine.h */ = {isa = PBXFileReference; explicitFileType = sourcecode.c.h; fileEncoding = 30; name = ofxEasingSine.h; path = ../../../addons/ofxTween/src/Easings/ofxEasingSine.h; sourceTree = SOURCE_ROOT; };
		DF49D76C45D5DB505A234880 /* ofxOscMessage.cpp */ = {isa = PBXFileReference; explicitFileType = sourcecode.cpp.cpp; fileEncoding = 30; name = ofxOscMessage.cpp; path = ../../../addons/ofxOsc/src/ofxOscMessage.cpp; sourceTree = SOURCE_ROOT; };
		E40394B9403F9D4AA42DA762 /* hb-glib.h */ = {isa = PBXFileReference; explicitFileType = sourcecode.c.h; fileEncoding = 30; name = "hb-glib.h"; path = "../../../addons/ofxTrueTypeFontUL2/libs/harfbuzz/include/hb-glib.h"; sourceTree = SOURCE_ROOT; };
		E4328143138ABC890047C5CB /* openFrameworksLib.xcodeproj */ = {isa = PBXFileReference; lastKnownFileType = "wrapper.pb-project"; name = openFrameworksLib.xcodeproj; path = ../../../libs/openFrameworksCompiled/project/osx/openFrameworksLib.xcodeproj; sourceTree = SOURCE_ROOT; };
		E45BE9710E8CC7DD009D7055 /* AGL.framework */ = {isa = PBXFileReference; lastKnownFileType = wrapper.framework; name = AGL.framework; path = /System/Library/Frameworks/AGL.framework; sourceTree = "<absolute>"; };
		E45BE9720E8CC7DD009D7055 /* ApplicationServices.framework */ = {isa = PBXFileReference; lastKnownFileType = wrapper.framework; name = ApplicationServices.framework; path = /System/Library/Frameworks/ApplicationServices.framework; sourceTree = "<absolute>"; };
		E45BE9730E8CC7DD009D7055 /* AudioToolbox.framework */ = {isa = PBXFileReference; lastKnownFileType = wrapper.framework; name = AudioToolbox.framework; path = /System/Library/Frameworks/AudioToolbox.framework; sourceTree = "<absolute>"; };
		E45BE9750E8CC7DD009D7055 /* CoreAudio.framework */ = {isa = PBXFileReference; lastKnownFileType = wrapper.framework; name = CoreAudio.framework; path = /System/Library/Frameworks/CoreAudio.framework; sourceTree = "<absolute>"; };
		E45BE9760E8CC7DD009D7055 /* CoreFoundation.framework */ = {isa = PBXFileReference; lastKnownFileType = wrapper.framework; name = CoreFoundation.framework; path = /System/Library/Frameworks/CoreFoundation.framework; sourceTree = "<absolute>"; };
		E45BE9770E8CC7DD009D7055 /* CoreServices.framework */ = {isa = PBXFileReference; lastKnownFileType = wrapper.framework; name = CoreServices.framework; path = /System/Library/Frameworks/CoreServices.framework; sourceTree = "<absolute>"; };
		E45BE9790E8CC7DD009D7055 /* OpenGL.framework */ = {isa = PBXFileReference; lastKnownFileType = wrapper.framework; name = OpenGL.framework; path = /System/Library/Frameworks/OpenGL.framework; sourceTree = "<absolute>"; };
		E45BE97A0E8CC7DD009D7055 /* QuickTime.framework */ = {isa = PBXFileReference; lastKnownFileType = wrapper.framework; name = QuickTime.framework; path = /System/Library/Frameworks/QuickTime.framework; sourceTree = "<absolute>"; };
		E4B69B5B0A3A1756003C02F2 /* algorithmicMondrianDebug.app */ = {isa = PBXFileReference; explicitFileType = wrapper.application; includeInIndex = 0; path = algorithmicMondrianDebug.app; sourceTree = BUILT_PRODUCTS_DIR; };
		E4B6FCAD0C3E899E008CF71C /* openFrameworks-Info.plist */ = {isa = PBXFileReference; fileEncoding = 30; lastKnownFileType = text.plist.xml; path = "openFrameworks-Info.plist"; sourceTree = "<group>"; };
		E4C2424410CC5A17004149E2 /* AppKit.framework */ = {isa = PBXFileReference; lastKnownFileType = wrapper.framework; name = AppKit.framework; path = /System/Library/Frameworks/AppKit.framework; sourceTree = "<absolute>"; };
		E4C2424510CC5A17004149E2 /* Cocoa.framework */ = {isa = PBXFileReference; lastKnownFileType = wrapper.framework; name = Cocoa.framework; path = /System/Library/Frameworks/Cocoa.framework; sourceTree = "<absolute>"; };
		E4C2424610CC5A17004149E2 /* IOKit.framework */ = {isa = PBXFileReference; lastKnownFileType = wrapper.framework; name = IOKit.framework; path = /System/Library/Frameworks/IOKit.framework; sourceTree = "<absolute>"; };
		E4EB691F138AFCF100A09F29 /* CoreOF.xcconfig */ = {isa = PBXFileReference; fileEncoding = 4; lastKnownFileType = text.xcconfig; name = CoreOF.xcconfig; path = ../../../libs/openFrameworksCompiled/project/osx/CoreOF.xcconfig; sourceTree = SOURCE_ROOT; };
		E4EB6923138AFD0F00A09F29 /* Project.xcconfig */ = {isa = PBXFileReference; fileEncoding = 4; lastKnownFileType = text.xcconfig; path = Project.xcconfig; sourceTree = "<group>"; };
		E6DEF695B88BA5FAACEAA937 /* UdpSocket.cpp */ = {isa = PBXFileReference; explicitFileType = sourcecode.cpp.cpp; fileEncoding = 30; name = UdpSocket.cpp; path = ../../../addons/ofxOsc/libs/oscpack/src/ip/posix/UdpSocket.cpp; sourceTree = SOURCE_ROOT; };
		E7E077E415D3B63C0020DFD4 /* CoreVideo.framework */ = {isa = PBXFileReference; lastKnownFileType = wrapper.framework; name = CoreVideo.framework; path = /System/Library/Frameworks/CoreVideo.framework; sourceTree = "<absolute>"; };
		E7E077E715D3B6510020DFD4 /* QTKit.framework */ = {isa = PBXFileReference; lastKnownFileType = wrapper.framework; name = QTKit.framework; path = /System/Library/Frameworks/QTKit.framework; sourceTree = "<absolute>"; };
		E7F985F515E0DE99003869B5 /* Accelerate.framework */ = {isa = PBXFileReference; lastKnownFileType = wrapper.framework; name = Accelerate.framework; path = /System/Library/Frameworks/Accelerate.framework; sourceTree = "<absolute>"; };
		E994CDB5ACD46B28913D5140 /* hb-ot.h */ = {isa = PBXFileReference; explicitFileType = sourcecode.c.h; fileEncoding = 30; name = "hb-ot.h"; path = "../../../addons/ofxTrueTypeFontUL2/libs/harfbuzz/include/hb-ot.h"; sourceTree = SOURCE_ROOT; };
		F4F5B6B8BA2BD52C646ED908 /* OscException.h */ = {isa = PBXFileReference; explicitFileType = sourcecode.c.h; fileEncoding = 30; name = OscException.h; path = ../../../addons/ofxOsc/libs/oscpack/src/osc/OscException.h; sourceTree = SOURCE_ROOT; };
		F7FBC56859535E597B24BB91 /* NetworkingUtils.h */ = {isa = PBXFileReference; explicitFileType = sourcecode.c.h; fileEncoding = 30; name = NetworkingUtils.h; path = ../../../addons/ofxOsc/libs/oscpack/src/ip/NetworkingUtils.h; sourceTree = SOURCE_ROOT; };
		FB8A50F8A34037BCD5DC10D0 /* ofxEasingQuint.cpp */ = {isa = PBXFileReference; explicitFileType = sourcecode.cpp.cpp; fileEncoding = 30; name = ofxEasingQuint.cpp; path = ../../../addons/ofxTween/src/Easings/ofxEasingQuint.cpp; sourceTree = SOURCE_ROOT; };
		FC9B34C5CB5B0ACAFF02ED20 /* ofxEasing.h */ = {isa = PBXFileReference; explicitFileType = sourcecode.c.h; fileEncoding = 30; name = ofxEasing.h; path = ../../../addons/ofxTween/src/Easings/ofxEasing.h; sourceTree = SOURCE_ROOT; };
		FE4DB52D544B8C725E615958 /* ofxEasingElastic.h */ = {isa = PBXFileReference; explicitFileType = sourcecode.c.h; fileEncoding = 30; name = ofxEasingElastic.h; path = ../../../addons/ofxTween/src/Easings/ofxEasingElastic.h; sourceTree = SOURCE_ROOT; };
		FEA59EAAA55B7BE9905A33FA /* hb-unicode.h */ = {isa = PBXFileReference; explicitFileType = sourcecode.c.h; fileEncoding = 30; name = "hb-unicode.h"; path = "../../../addons/ofxTrueTypeFontUL2/libs/harfbuzz/include/hb-unicode.h"; sourceTree = SOURCE_ROOT; };
/* End PBXFileReference section */

/* Begin PBXFrameworksBuildPhase section */
		E4B69B590A3A1756003C02F2 /* Frameworks */ = {
			isa = PBXFrameworksBuildPhase;
			buildActionMask = 2147483647;
			files = (
				E7F985F815E0DEA3003869B5 /* Accelerate.framework in Frameworks */,
				E7E077E815D3B6510020DFD4 /* QTKit.framework in Frameworks */,
				E4EB6799138ADC1D00A09F29 /* GLUT.framework in Frameworks */,
				E4328149138ABC9F0047C5CB /* openFrameworksDebug.a in Frameworks */,
				E45BE97B0E8CC7DD009D7055 /* AGL.framework in Frameworks */,
				E45BE97C0E8CC7DD009D7055 /* ApplicationServices.framework in Frameworks */,
				E45BE97D0E8CC7DD009D7055 /* AudioToolbox.framework in Frameworks */,
				E45BE97F0E8CC7DD009D7055 /* CoreAudio.framework in Frameworks */,
				E45BE9800E8CC7DD009D7055 /* CoreFoundation.framework in Frameworks */,
				E45BE9810E8CC7DD009D7055 /* CoreServices.framework in Frameworks */,
				E45BE9830E8CC7DD009D7055 /* OpenGL.framework in Frameworks */,
				E45BE9840E8CC7DD009D7055 /* QuickTime.framework in Frameworks */,
				E4C2424710CC5A17004149E2 /* AppKit.framework in Frameworks */,
				E4C2424810CC5A17004149E2 /* Cocoa.framework in Frameworks */,
				E4C2424910CC5A17004149E2 /* IOKit.framework in Frameworks */,
				E7E077E515D3B63C0020DFD4 /* CoreVideo.framework in Frameworks */,
			);
			runOnlyForDeploymentPostprocessing = 0;
		};
/* End PBXFrameworksBuildPhase section */

/* Begin PBXGroup section */
		08F0DBE627E14F259267379F /* ofxTrueTypeFontUL2 */ = {
			isa = PBXGroup;
			children = (
				C1A328B6453070B506A9223B /* src */,
				F6F986533CF4AF214C8AA421 /* libs */,
			);
			name = ofxTrueTypeFontUL2;
			sourceTree = "<group>";
		};
		128AA5781B4C482B000C66C2 /* ofxXmlSettings */ = {
			isa = PBXGroup;
			children = (
				128AA5791B4C482B000C66C2 /* src */,
				128AA57C1B4C482B000C66C2 /* libs */,
			);
			name = ofxXmlSettings;
			sourceTree = "<group>";
		};
		128AA5791B4C482B000C66C2 /* src */ = {
			isa = PBXGroup;
			children = (
				128AA57A1B4C482B000C66C2 /* ofxXmlSettings.cpp */,
				128AA57B1B4C482B000C66C2 /* ofxXmlSettings.h */,
			);
			name = src;
			path = ../../../addons/ofxXmlSettings/src;
			sourceTree = "<group>";
		};
		128AA57C1B4C482B000C66C2 /* libs */ = {
			isa = PBXGroup;
			children = (
				128AA57D1B4C482B000C66C2 /* tinyxml.cpp */,
				128AA57E1B4C482B000C66C2 /* tinyxml.h */,
				128AA57F1B4C482B000C66C2 /* tinyxmlerror.cpp */,
				128AA5801B4C482B000C66C2 /* tinyxmlparser.cpp */,
			);
			name = libs;
			path = ../../../addons/ofxXmlSettings/libs;
			sourceTree = "<group>";
		};
		14D2E3EE0233F84B1B324DD9 /* src */ = {
			isa = PBXGroup;
			children = (
				67BFC7F21E824F5A7FAC65E0 /* ofxEasyFft.cpp */,
				CAB67BC7A1CC020FDAC5381B /* ofxEasyFft.h */,
				32CA89CD22339F4F9433CAF6 /* ofxFft.cpp */,
				B36431C04C788FEDB1ECD8FC /* ofxFft.h */,
				CE67198F2891A8FFEA3686E6 /* ofxFftBasic.cpp */,
				7D3BE1A2ADAFC399E7B20A91 /* ofxFftBasic.h */,
				5F353204A917F4B2BCEEABE6 /* ofxFftw.cpp */,
				D8952DEFF3CE56AC1009A996 /* ofxFftw.h */,
				971B530AB93ACC5065D9489E /* ofxProcessFFT.cpp */,
				9A2FCCF1ABF23081D2CD9D5F /* ofxProcessFFT.h */,
			);
			name = src;
			sourceTree = "<group>";
		};
		1F293A20D2B096D59C4F24DD /* ofxTween */ = {
			isa = PBXGroup;
			children = (
				81B62DB6C371DAD643503FEF /* src */,
			);
			name = ofxTween;
			sourceTree = "<group>";
		};
		30CB364908817057B430D528 /* osc */ = {
			isa = PBXGroup;
			children = (
				AE335EB4709BFD4671EEAC84 /* MessageMappingOscPacketListener.h */,
				F4F5B6B8BA2BD52C646ED908 /* OscException.h */,
				A2AAA8CA403479E6FCDF920E /* OscHostEndianness.h */,
				63A47AC60FFAFC3BF093EC0F /* OscOutboundPacketStream.cpp */,
				029684CF678F70F6D3537A29 /* OscOutboundPacketStream.h */,
				6B65E6930994CC4B2D2B8B33 /* OscPacketListener.h */,
				BC8881B3C8C0A1C45F042E7A /* OscPrintReceivedElements.cpp */,
				4E95FB446A9C9C6F0DE12D75 /* OscPrintReceivedElements.h */,
				9BF3AA0D4FAA89D0F8A0E545 /* OscReceivedElements.cpp */,
				20F35AFADAF0068B067E713F /* OscReceivedElements.h */,
				D9BFFBBF4CC43DEE890B3C3E /* OscTypes.cpp */,
				C6937888E126BADC8777423B /* OscTypes.h */,
			);
			name = osc;
			sourceTree = "<group>";
		};
		36DF7875E3DFC3A51FD886CE /* include */ = {
			isa = PBXGroup;
			children = (
				54CA7A768EDCEA9A38698A34 /* hb-blob.h */,
				55BD51B6DCED3B3535B3462E /* hb-buffer.h */,
				2495ADD74220D1D5BA27E7EF /* hb-common.h */,
				93991A6DC64AFE1ABC43CF66 /* hb-deprecated.h */,
				B8F1A2DAEB44F57E9E86E21A /* hb-face.h */,
				2763B0A91C02D5388C62DC0A /* hb-font.h */,
				A32C1FDA08871DDF7D230A49 /* hb-ft.h */,
				E40394B9403F9D4AA42DA762 /* hb-glib.h */,
				5EA64DFDEC9274FEAFD6324D /* hb-ot-layout.h */,
				2C85B128913A3D7C1FDDAE6B /* hb-ot-tag.h */,
				E994CDB5ACD46B28913D5140 /* hb-ot.h */,
				CF917FA8D91191B6652CDF81 /* hb-set.h */,
				2ABB6282FF41F505D8BFEB28 /* hb-shape-plan.h */,
				2D5948ECCE531AE25BE5E03B /* hb-shape.h */,
				FEA59EAAA55B7BE9905A33FA /* hb-unicode.h */,
				1B8D7E1227C052B3202C0C0A /* hb-version.h */,
				0585F43EE34D9E92B01477D3 /* hb.h */,
			);
			name = include;
			sourceTree = "<group>";
		};
		38871A5825686AE018EC2BF0 /* libs */ = {
			isa = PBXGroup;
			children = (
				86D2677079A3AF4A5A88E29A /* oscpack */,
			);
			name = libs;
			sourceTree = "<group>";
		};
		641362CA659FAFEE4E81001B /* posix */ = {
			isa = PBXGroup;
			children = (
				3B361208CD4107E479F04E7B /* NetworkingUtils.cpp */,
				E6DEF695B88BA5FAACEAA937 /* UdpSocket.cpp */,
			);
			name = posix;
			sourceTree = "<group>";
		};
		72C89FAFAC11F96856792042 /* libs */ = {
			isa = PBXGroup;
			children = (
				A0535D33570F65575182C18F /* fftw */,
				A2C4D2900B6384FDE5E77208 /* kiss */,
			);
			name = libs;
			sourceTree = "<group>";
		};
		81B62DB6C371DAD643503FEF /* src */ = {
			isa = PBXGroup;
			children = (
				B59DDD3C0EB9FFC71F28869B /* Easings */,
				497F252390399FCF843297DA /* ofxTween.cpp */,
				3DC6648A0468FBECB5E45B57 /* ofxTween.h */,
			);
			name = src;
			sourceTree = "<group>";
		};
		86D2677079A3AF4A5A88E29A /* oscpack */ = {
			isa = PBXGroup;
			children = (
				D27B2221A225CA523C019676 /* src */,
			);
			name = oscpack;
			sourceTree = "<group>";
		};
		A0535D33570F65575182C18F /* fftw */ = {
			isa = PBXGroup;
			children = (
				F2022DF37286FECB8B9BA5B2 /* include */,
			);
			name = fftw;
			sourceTree = "<group>";
		};
		A15491832FCD72B40A572147 /* src */ = {
			isa = PBXGroup;
			children = (
				40C409F696FE990F95E1B9D3 /* ofxPostGlitch.cpp */,
				67DBED026597C0EE427F0379 /* ofxPostGlitch.h */,
			);
			name = src;
			sourceTree = "<group>";
		};
		A2C4D2900B6384FDE5E77208 /* kiss */ = {
			isa = PBXGroup;
			children = (
				1CBD6F883000C78087DD5738 /* _kiss_fft_guts.h */,
				4B053B6F1252BCFCFF0F59AC /* kiss_fft.c */,
				A6F65D3430FD7E893FFF58F3 /* kiss_fft.h */,
				DACFE8C08D7F4619176E65D7 /* kiss_fftr.c */,
				977E7DDA94E88633BE025A78 /* kiss_fftr.h */,
			);
			name = kiss;
			sourceTree = "<group>";
		};
		B59DDD3C0EB9FFC71F28869B /* Easings */ = {
			isa = PBXGroup;
			children = (
				9AAEF50558BBDBEB5260FC35 /* easing_terms_of_use.html */,
				26E160699149D8AF609734A1 /* ofxEasing.cpp */,
				FC9B34C5CB5B0ACAFF02ED20 /* ofxEasing.h */,
				7660DD2BE873BAD12E3A496D /* ofxEasingBack.cpp */,
				7912619B786F0238D22ED5F3 /* ofxEasingBack.h */,
				00B7E2794A10F926DF630529 /* ofxEasingBounce.cpp */,
				A9FE46C20E767B29C5997AD3 /* ofxEasingBounce.h */,
				A4973CEF438C8931B5E03E0A /* ofxEasingCirc.cpp */,
				AF17EB492DB2858A0EBD94CD /* ofxEasingCirc.h */,
				34AA5DBAF88C8B757B46D40D /* ofxEasingCubic.cpp */,
				B788152C3FE538E700D063C7 /* ofxEasingCubic.h */,
				A26C4A6254126C99F0A65354 /* ofxEasingElastic.cpp */,
				FE4DB52D544B8C725E615958 /* ofxEasingElastic.h */,
				0F26D4EDFF0E9EA8CF68B694 /* ofxEasingExpo.cpp */,
				767479279EBAC134D46E74E7 /* ofxEasingExpo.h */,
				9A4CFDCEA412E8BCDACA9B26 /* ofxEasingLinear.cpp */,
				7599804C6260EC1CD8D3567D /* ofxEasingLinear.h */,
				B9E1DB01BD6701283FC87946 /* ofxEasingQuad.cpp */,
				B07C508E7717E6C892502ADF /* ofxEasingQuad.h */,
				882494DB324414B7B31DB11C /* ofxEasingQuart.cpp */,
				4C0E055E4176057631087AA3 /* ofxEasingQuart.h */,
				FB8A50F8A34037BCD5DC10D0 /* ofxEasingQuint.cpp */,
				5E9E6513BEC36148928518B7 /* ofxEasingQuint.h */,
				5FABA58C3070AF2F33E8C257 /* ofxEasingSine.cpp */,
				DD476420FBC881796F865BB5 /* ofxEasingSine.h */,
			);
			name = Easings;
			sourceTree = "<group>";
		};
		B93B25C4A5FD5D7BA19053D9 /* harfbuzz */ = {
			isa = PBXGroup;
			children = (
				36DF7875E3DFC3A51FD886CE /* include */,
			);
			name = harfbuzz;
			sourceTree = "<group>";
		};
		BA6760AC87647DD61A92BD41 /* win32 */ = {
			isa = PBXGroup;
			children = (
				2A5B1FAD3F30C8065C396ACB /* NetworkingUtilsWin.cpp */,
				5928AA323F5C2690B06C837D /* UdpSocketWin.cpp */,
			);
			name = win32;
			sourceTree = "<group>";
		};
		BB4B014C10F69532006C3DED /* addons */ = {
			isa = PBXGroup;
			children = (
				E6053AB7FEC63D5F83825B88 /* ofxOsc */,
				BBC2B4228932C2AACC6701CF /* ofxFft */,
				D92A719EC4DFB00CB4A3047D /* ofxPostGlitch */,
				08F0DBE627E14F259267379F /* ofxTrueTypeFontUL2 */,
				1F293A20D2B096D59C4F24DD /* ofxTween */,
				128AA5781B4C482B000C66C2 /* ofxXmlSettings */,
			);
			name = addons;
			sourceTree = "<group>";
		};
		BBAB23C913894ECA00AA2426 /* system frameworks */ = {
			isa = PBXGroup;
			children = (
				E7F985F515E0DE99003869B5 /* Accelerate.framework */,
				E4C2424410CC5A17004149E2 /* AppKit.framework */,
				E4C2424510CC5A17004149E2 /* Cocoa.framework */,
				E4C2424610CC5A17004149E2 /* IOKit.framework */,
				E45BE9710E8CC7DD009D7055 /* AGL.framework */,
				E45BE9720E8CC7DD009D7055 /* ApplicationServices.framework */,
				E45BE9730E8CC7DD009D7055 /* AudioToolbox.framework */,
				E45BE9750E8CC7DD009D7055 /* CoreAudio.framework */,
				E45BE9760E8CC7DD009D7055 /* CoreFoundation.framework */,
				E45BE9770E8CC7DD009D7055 /* CoreServices.framework */,
				E45BE9790E8CC7DD009D7055 /* OpenGL.framework */,
				E45BE97A0E8CC7DD009D7055 /* QuickTime.framework */,
				E7E077E415D3B63C0020DFD4 /* CoreVideo.framework */,
				E7E077E715D3B6510020DFD4 /* QTKit.framework */,
			);
			name = "system frameworks";
			sourceTree = "<group>";
		};
		BBAB23CA13894EDB00AA2426 /* 3rd party frameworks */ = {
			isa = PBXGroup;
			children = (
				BBAB23BE13894E4700AA2426 /* GLUT.framework */,
			);
			name = "3rd party frameworks";
			sourceTree = "<group>";
		};
		BBC2B4228932C2AACC6701CF /* ofxFft */ = {
			isa = PBXGroup;
			children = (
				14D2E3EE0233F84B1B324DD9 /* src */,
				72C89FAFAC11F96856792042 /* libs */,
			);
			name = ofxFft;
			sourceTree = "<group>";
		};
		BD2F1A9F8D0C05EDB29122D0 /* src */ = {
			isa = PBXGroup;
			children = (
				00D6D32B84B099226431108C /* ofxOsc.h */,
				7689F8A0F3D0B7635A8C3104 /* ofxOscArg.h */,
				65EEFA3DA3526E9CDD9C21F9 /* ofxOscBundle.cpp */,
				8B30E93FD3D3475EED522A0E /* ofxOscBundle.h */,
				DF49D76C45D5DB505A234880 /* ofxOscMessage.cpp */,
				C58862C6D212C8E8A83810F4 /* ofxOscMessage.h */,
				0AED834CE4DEC5260AF302A2 /* ofxOscParameterSync.cpp */,
				B31C608870ECEB2490A93736 /* ofxOscParameterSync.h */,
				C2FAC65C491D4231379F3298 /* ofxOscReceiver.cpp */,
				8C75AFC8774A62495DD53464 /* ofxOscReceiver.h */,
				81967292BFC87A0144BD32C6 /* ofxOscSender.cpp */,
				9F7986DC4EB05E75FCE2C777 /* ofxOscSender.h */,
			);
			name = src;
			sourceTree = "<group>";
		};
		C1A328B6453070B506A9223B /* src */ = {
			isa = PBXGroup;
			children = (
				CD998440951DD725C41457D0 /* ofxTrueTypeFontUL2.cpp */,
				13A80B62FF7D99644282CAC1 /* ofxTrueTypeFontUL2.h */,
			);
			name = src;
			sourceTree = "<group>";
		};
		D27B2221A225CA523C019676 /* src */ = {
			isa = PBXGroup;
			children = (
				FF8CDF57858E9B94E3237115 /* ip */,
				30CB364908817057B430D528 /* osc */,
			);
			name = src;
			sourceTree = "<group>";
		};
		D92A719EC4DFB00CB4A3047D /* ofxPostGlitch */ = {
			isa = PBXGroup;
			children = (
				A15491832FCD72B40A572147 /* src */,
			);
			name = ofxPostGlitch;
			sourceTree = "<group>";
		};
		E4328144138ABC890047C5CB /* Products */ = {
			isa = PBXGroup;
			children = (
				E4328148138ABC890047C5CB /* openFrameworksDebug.a */,
			);
			name = Products;
			sourceTree = "<group>";
		};
		E45BE5980E8CC70C009D7055 /* frameworks */ = {
			isa = PBXGroup;
			children = (
				BBAB23CA13894EDB00AA2426 /* 3rd party frameworks */,
				BBAB23C913894ECA00AA2426 /* system frameworks */,
			);
			name = frameworks;
			sourceTree = "<group>";
		};
		E4B69B4A0A3A1720003C02F2 = {
			isa = PBXGroup;
			children = (
				E4B6FCAD0C3E899E008CF71C /* openFrameworks-Info.plist */,
				E4EB6923138AFD0F00A09F29 /* Project.xcconfig */,
				E4B69E1C0A3A1BDC003C02F2 /* src */,
				E4EEC9E9138DF44700A80321 /* openFrameworks */,
				BB4B014C10F69532006C3DED /* addons */,
				E45BE5980E8CC70C009D7055 /* frameworks */,
				E4B69B5B0A3A1756003C02F2 /* algorithmicMondrianDebug.app */,
			);
			sourceTree = "<group>";
		};
		E4B69E1C0A3A1BDC003C02F2 /* src */ = {
			isa = PBXGroup;
			children = (
				128AA5731B4C47EF000C66C2 /* main.cpp */,
				128AA5701B4C47E8000C66C2 /* ofApp.cpp */,
				12D7E2971B51292A0045C234 /* ofApp.h */,
				12D904DE1B4F9811000A1BA2 /* mondrian.cpp */,
				128AA5751B4C47EF000C66C2 /* mondrian.h */,
			);
			path = src;
			sourceTree = SOURCE_ROOT;
		};
		E4EEC9E9138DF44700A80321 /* openFrameworks */ = {
			isa = PBXGroup;
			children = (
				E4EB691F138AFCF100A09F29 /* CoreOF.xcconfig */,
				E4328143138ABC890047C5CB /* openFrameworksLib.xcodeproj */,
			);
			name = openFrameworks;
			sourceTree = "<group>";
		};
		E6053AB7FEC63D5F83825B88 /* ofxOsc */ = {
			isa = PBXGroup;
			children = (
				BD2F1A9F8D0C05EDB29122D0 /* src */,
				38871A5825686AE018EC2BF0 /* libs */,
			);
			name = ofxOsc;
			sourceTree = "<group>";
		};
		F2022DF37286FECB8B9BA5B2 /* include */ = {
			isa = PBXGroup;
			children = (
				2D0C0AA4436B2A16530BA991 /* fftw3.h */,
			);
			name = include;
			sourceTree = "<group>";
		};
		F6F986533CF4AF214C8AA421 /* libs */ = {
			isa = PBXGroup;
			children = (
				B93B25C4A5FD5D7BA19053D9 /* harfbuzz */,
			);
			name = libs;
			sourceTree = "<group>";
		};
		FF8CDF57858E9B94E3237115 /* ip */ = {
			isa = PBXGroup;
			children = (
				ADD194746185E2DA11468377 /* IpEndpointName.cpp */,
				48974F980F51769171D0B2F5 /* IpEndpointName.h */,
				F7FBC56859535E597B24BB91 /* NetworkingUtils.h */,
				23640F57DF6C4BB6BFC5DA4C /* PacketListener.h */,
				641362CA659FAFEE4E81001B /* posix */,
				444657A12E59D0ED86981498 /* TimerListener.h */,
				2FD4B0329909D3527F003494 /* UdpSocket.h */,
				BA6760AC87647DD61A92BD41 /* win32 */,
			);
			name = ip;
			sourceTree = "<group>";
		};
/* End PBXGroup section */

/* Begin PBXNativeTarget section */
		E4B69B5A0A3A1756003C02F2 /* algorithmicMondrian */ = {
			isa = PBXNativeTarget;
			buildConfigurationList = E4B69B5F0A3A1757003C02F2 /* Build configuration list for PBXNativeTarget "algorithmicMondrian" */;
			buildPhases = (
				E4B69B580A3A1756003C02F2 /* Sources */,
				E4B69B590A3A1756003C02F2 /* Frameworks */,
				E4B6FFFD0C3F9AB9008CF71C /* ShellScript */,
				E4C2427710CC5ABF004149E2 /* CopyFiles */,
			);
			buildRules = (
			);
			dependencies = (
				E4EEB9AC138B136A00A80321 /* PBXTargetDependency */,
			);
			name = algorithmicMondrian;
			productName = myOFApp;
			productReference = E4B69B5B0A3A1756003C02F2 /* algorithmicMondrianDebug.app */;
			productType = "com.apple.product-type.application";
		};
/* End PBXNativeTarget section */

/* Begin PBXProject section */
		E4B69B4C0A3A1720003C02F2 /* Project object */ = {
			isa = PBXProject;
			attributes = {
				LastUpgradeCheck = 0460;
			};
			buildConfigurationList = E4B69B4D0A3A1720003C02F2 /* Build configuration list for PBXProject "algorithmicMondrian" */;
			compatibilityVersion = "Xcode 3.2";
			developmentRegion = English;
			hasScannedForEncodings = 0;
			knownRegions = (
				English,
				Japanese,
				French,
				German,
			);
			mainGroup = E4B69B4A0A3A1720003C02F2;
			productRefGroup = E4B69B4A0A3A1720003C02F2;
			projectDirPath = "";
			projectReferences = (
				{
					ProductGroup = E4328144138ABC890047C5CB /* Products */;
					ProjectRef = E4328143138ABC890047C5CB /* openFrameworksLib.xcodeproj */;
				},
			);
			projectRoot = "";
			targets = (
				E4B69B5A0A3A1756003C02F2 /* algorithmicMondrian */,
			);
		};
/* End PBXProject section */

/* Begin PBXReferenceProxy section */
		E4328148138ABC890047C5CB /* openFrameworksDebug.a */ = {
			isa = PBXReferenceProxy;
			fileType = archive.ar;
			path = openFrameworksDebug.a;
			remoteRef = E4328147138ABC890047C5CB /* PBXContainerItemProxy */;
			sourceTree = BUILT_PRODUCTS_DIR;
		};
/* End PBXReferenceProxy section */

/* Begin PBXShellScriptBuildPhase section */
		E4B6FFFD0C3F9AB9008CF71C /* ShellScript */ = {
			isa = PBXShellScriptBuildPhase;
			buildActionMask = 2147483647;
			files = (
			);
			inputPaths = (
			);
			outputPaths = (
			);
			runOnlyForDeploymentPostprocessing = 0;
			shellPath = /bin/sh;
			shellScript = "cp -f ../../../libs/fmodex/lib/osx/libfmodex.dylib \"$TARGET_BUILD_DIR/$PRODUCT_NAME.app/Contents/MacOS/libfmodex.dylib\"; install_name_tool -change ./libfmodex.dylib @executable_path/libfmodex.dylib \"$TARGET_BUILD_DIR/$PRODUCT_NAME.app/Contents/MacOS/$PRODUCT_NAME\";\nmkdir -p \"$TARGET_BUILD_DIR/$PRODUCT_NAME.app/Contents/Resources/\"\ncp -f \"$ICON_FILE\" \"$TARGET_BUILD_DIR/$PRODUCT_NAME.app/Contents/Resources/\"\n";
		};
/* End PBXShellScriptBuildPhase section */

/* Begin PBXSourcesBuildPhase section */
		E4B69B580A3A1756003C02F2 /* Sources */ = {
			isa = PBXSourcesBuildPhase;
			buildActionMask = 2147483647;
			files = (
				72A929D3561B8232A182ABFC /* ofxOscBundle.cpp in Sources */,
				5864AD82E20F15536D054EA3 /* ofxOscMessage.cpp in Sources */,
				4ADB88E2FB52E76A471065DE /* ofxOscParameterSync.cpp in Sources */,
				128AA5831B4C482B000C66C2 /* tinyxmlerror.cpp in Sources */,
				640279EE111671BD026CB013 /* ofxOscReceiver.cpp in Sources */,
				8F5205AEF8861EF234F0651A /* ofxOscSender.cpp in Sources */,
				128AA5761B4C47EF000C66C2 /* main.cpp in Sources */,
				ADE367465D2A8EBAD4C7A8D9 /* IpEndpointName.cpp in Sources */,
				67FE4C7B15C2F0478C8126C2 /* NetworkingUtils.cpp in Sources */,
				510CAFE035E576A4E1502D52 /* UdpSocket.cpp in Sources */,
				A29D8C96AE042ECEAA1BD4F3 /* NetworkingUtilsWin.cpp in Sources */,
				28090DEB5109115003E8F1C5 /* UdpSocketWin.cpp in Sources */,
				128AA5841B4C482B000C66C2 /* tinyxmlparser.cpp in Sources */,
				12D904DF1B4F9811000A1BA2 /* mondrian.cpp in Sources */,
				62545D179C94265CA1389D4A /* OscOutboundPacketStream.cpp in Sources */,
				C4782ECC372420ACE0615B74 /* OscPrintReceivedElements.cpp in Sources */,
				0546D1A38E13BD319CC9755B /* OscReceivedElements.cpp in Sources */,
				879A251454401BC0B6E4F238 /* OscTypes.cpp in Sources */,
				7A61C288AE942E5885881232 /* ofxEasyFft.cpp in Sources */,
				D409288D137DB82107887FFD /* ofxFft.cpp in Sources */,
				007F713E619B81D821BEA319 /* ofxFftBasic.cpp in Sources */,
				29938E05AF78B3DF7A591187 /* ofxFftw.cpp in Sources */,
				47741AD4D543009E4DF29CEA /* ofxProcessFFT.cpp in Sources */,
				0686C38EE993C67B96002FA1 /* kiss_fft.c in Sources */,
				6DB9E3911BA6216FE1F0E91C /* kiss_fftr.c in Sources */,
				F6E7D6C01B3F2E112EB0533D /* ofxPostGlitch.cpp in Sources */,
				F8EE25F765782ABAC54C8E81 /* ofxTrueTypeFontUL2.cpp in Sources */,
				168C43F69AF6A8042EA0B13F /* easing_terms_of_use.html in Sources */,
				9266028E1AECBB027ABF64D8 /* ofxEasing.cpp in Sources */,
				5E0DBDE5736DEB3A5886B3F1 /* ofxEasingBack.cpp in Sources */,
				EAD3CE0789481F975F351F39 /* ofxEasingBounce.cpp in Sources */,
				27765D1BFF26BD9A6186915F /* ofxEasingCirc.cpp in Sources */,
				E816D7D242D315FB53E23F54 /* ofxEasingCubic.cpp in Sources */,
				6E062274743F6716A9AD4395 /* ofxEasingElastic.cpp in Sources */,
				59EEACB88F062457FF86492C /* ofxEasingExpo.cpp in Sources */,
				152EAECABD008D84AF7F27F8 /* ofxEasingLinear.cpp in Sources */,
				6D7B53ED56654ABBF2FF13B1 /* ofxEasingQuad.cpp in Sources */,
				85A41526FDFA1A8CDAEE81F7 /* ofxEasingQuart.cpp in Sources */,
				7E769097DE6561633305B24C /* ofxEasingQuint.cpp in Sources */,
				FE278F5F783581237AE8ECB2 /* ofxEasingSine.cpp in Sources */,
				32FC7731C1EF7B87E491C93D /* ofxTween.cpp in Sources */,
				128AA5721B4C47E8000C66C2 /* ofApp.cpp in Sources */,
				128AA5811B4C482B000C66C2 /* ofxXmlSettings.cpp in Sources */,
				128AA5821B4C482B000C66C2 /* tinyxml.cpp in Sources */,
			);
			runOnlyForDeploymentPostprocessing = 0;
		};
/* End PBXSourcesBuildPhase section */

/* Begin PBXTargetDependency section */
		E4EEB9AC138B136A00A80321 /* PBXTargetDependency */ = {
			isa = PBXTargetDependency;
			name = openFrameworks;
			targetProxy = E4EEB9AB138B136A00A80321 /* PBXContainerItemProxy */;
		};
/* End PBXTargetDependency section */

/* Begin XCBuildConfiguration section */
		E4B69B4E0A3A1720003C02F2 /* Debug */ = {
			isa = XCBuildConfiguration;
			baseConfigurationReference = E4EB6923138AFD0F00A09F29 /* Project.xcconfig */;
			buildSettings = {
				ARCHS = "$(NATIVE_ARCH)";
				CONFIGURATION_BUILD_DIR = "$(SRCROOT)/bin/";
				COPY_PHASE_STRIP = NO;
				DEAD_CODE_STRIPPING = YES;
				GCC_AUTO_VECTORIZATION = YES;
				GCC_ENABLE_SSE3_EXTENSIONS = YES;
				GCC_ENABLE_SUPPLEMENTAL_SSE3_INSTRUCTIONS = YES;
				GCC_INLINES_ARE_PRIVATE_EXTERN = NO;
				GCC_OPTIMIZATION_LEVEL = 0;
				GCC_SYMBOLS_PRIVATE_EXTERN = NO;
				GCC_WARN_ABOUT_DEPRECATED_FUNCTIONS = YES;
				GCC_WARN_ABOUT_INVALID_OFFSETOF_MACRO = NO;
				GCC_WARN_ALLOW_INCOMPLETE_PROTOCOL = NO;
				GCC_WARN_UNINITIALIZED_AUTOS = NO;
				GCC_WARN_UNUSED_VALUE = NO;
				GCC_WARN_UNUSED_VARIABLE = NO;
				HEADER_SEARCH_PATHS = (
					"$(OF_CORE_HEADERS)",
					../../../addons/ofxOsc/libs,
					../../../addons/ofxOsc/libs/oscpack,
					../../../addons/ofxOsc/libs/oscpack/src,
					../../../addons/ofxOsc/libs/oscpack/src/ip,
					../../../addons/ofxOsc/libs/oscpack/src/ip/posix,
					../../../addons/ofxOsc/libs/oscpack/src/ip/win32,
					../../../addons/ofxOsc/libs/oscpack/src/osc,
					../../../addons/ofxOsc/src,
					../../../addons/ofxFft/libs,
					../../../addons/ofxFft/libs/fftw,
					../../../addons/ofxFft/libs/fftw/include,
					../../../addons/ofxFft/libs/fftw/lib,
					../../../addons/ofxFft/libs/fftw/lib/osx,
					../../../addons/ofxFft/libs/fftw/lib/win32,
					../../../addons/ofxFft/libs/kiss,
					../../../addons/ofxFft/src,
					../../../addons/ofxPostGlitch/libs,
					../../../addons/ofxPostGlitch/src,
					../../../addons/ofxTrueTypeFontUL2/libs,
					../../../addons/ofxTrueTypeFontUL2/libs/harfbuzz,
					../../../addons/ofxTrueTypeFontUL2/libs/harfbuzz/include,
					../../../addons/ofxTrueTypeFontUL2/libs/harfbuzz/lib,
					../../../addons/ofxTrueTypeFontUL2/libs/harfbuzz/lib/osx,
					../../../addons/ofxTrueTypeFontUL2/src,
					../../../addons/ofxTween/libs,
					../../../addons/ofxTween/src,
					../../../addons/ofxTween/src/Easings,
					../../../addons/ofxUI/libs,
					../../../addons/ofxUI/src,
				);
				MACOSX_DEPLOYMENT_TARGET = 10.6;
				OTHER_CPLUSPLUSFLAGS = (
					"-D__MACOSX_CORE__",
					"-lpthread",
					"-mtune=native",
				);
				OTHER_LDFLAGS = (
					"$(OF_CORE_LIBS)",
					../../../addons/ofxFft/libs/fftw/lib/osx/fftw3f.a,
					../../../addons/ofxTrueTypeFontUL2/libs/harfbuzz/lib/osx/libharfbuzz.a,
				);
				SDKROOT = macosx;
			};
			name = Debug;
		};
		E4B69B4F0A3A1720003C02F2 /* Release */ = {
			isa = XCBuildConfiguration;
			baseConfigurationReference = E4EB6923138AFD0F00A09F29 /* Project.xcconfig */;
			buildSettings = {
				ARCHS = "$(NATIVE_ARCH)";
				CONFIGURATION_BUILD_DIR = "$(SRCROOT)/bin/";
				COPY_PHASE_STRIP = YES;
				DEAD_CODE_STRIPPING = YES;
				GCC_AUTO_VECTORIZATION = YES;
				GCC_ENABLE_SSE3_EXTENSIONS = YES;
				GCC_ENABLE_SUPPLEMENTAL_SSE3_INSTRUCTIONS = YES;
				GCC_INLINES_ARE_PRIVATE_EXTERN = NO;
				GCC_OPTIMIZATION_LEVEL = 3;
				GCC_SYMBOLS_PRIVATE_EXTERN = NO;
				GCC_UNROLL_LOOPS = YES;
				GCC_WARN_ABOUT_DEPRECATED_FUNCTIONS = YES;
				GCC_WARN_ABOUT_INVALID_OFFSETOF_MACRO = NO;
				GCC_WARN_ALLOW_INCOMPLETE_PROTOCOL = NO;
				GCC_WARN_UNINITIALIZED_AUTOS = NO;
				GCC_WARN_UNUSED_VALUE = NO;
				GCC_WARN_UNUSED_VARIABLE = NO;
				HEADER_SEARCH_PATHS = (
					"$(OF_CORE_HEADERS)",
					../../../addons/ofxOsc/libs,
					../../../addons/ofxOsc/libs/oscpack,
					../../../addons/ofxOsc/libs/oscpack/src,
					../../../addons/ofxOsc/libs/oscpack/src/ip,
					../../../addons/ofxOsc/libs/oscpack/src/ip/posix,
					../../../addons/ofxOsc/libs/oscpack/src/ip/win32,
					../../../addons/ofxOsc/libs/oscpack/src/osc,
					../../../addons/ofxOsc/src,
					../../../addons/ofxFft/libs,
					../../../addons/ofxFft/libs/fftw,
					../../../addons/ofxFft/libs/fftw/include,
					../../../addons/ofxFft/libs/fftw/lib,
					../../../addons/ofxFft/libs/fftw/lib/osx,
					../../../addons/ofxFft/libs/fftw/lib/win32,
					../../../addons/ofxFft/libs/kiss,
					../../../addons/ofxFft/src,
					../../../addons/ofxPostGlitch/libs,
					../../../addons/ofxPostGlitch/src,
					../../../addons/ofxTrueTypeFontUL2/libs,
					../../../addons/ofxTrueTypeFontUL2/libs/harfbuzz,
					../../../addons/ofxTrueTypeFontUL2/libs/harfbuzz/include,
					../../../addons/ofxTrueTypeFontUL2/libs/harfbuzz/lib,
					../../../addons/ofxTrueTypeFontUL2/libs/harfbuzz/lib/osx,
					../../../addons/ofxTrueTypeFontUL2/src,
					../../../addons/ofxTween/libs,
					../../../addons/ofxTween/src,
					../../../addons/ofxTween/src/Easings,
					../../../addons/ofxUI/libs,
					../../../addons/ofxUI/src,
				);
				MACOSX_DEPLOYMENT_TARGET = 10.6;
				OTHER_CPLUSPLUSFLAGS = (
					"-D__MACOSX_CORE__",
					"-lpthread",
					"-mtune=native",
				);
				OTHER_LDFLAGS = (
					"$(OF_CORE_LIBS)",
					../../../addons/ofxFft/libs/fftw/lib/osx/fftw3f.a,
					../../../addons/ofxTrueTypeFontUL2/libs/harfbuzz/lib/osx/libharfbuzz.a,
				);
				SDKROOT = macosx;
			};
			name = Release;
		};
		E4B69B600A3A1757003C02F2 /* Debug */ = {
			isa = XCBuildConfiguration;
			buildSettings = {
				COMBINE_HIDPI_IMAGES = YES;
				COPY_PHASE_STRIP = NO;
				FRAMEWORK_SEARCH_PATHS = (
					"$(inherited)",
					"$(FRAMEWORK_SEARCH_PATHS_QUOTED_FOR_TARGET_1)",
				);
				FRAMEWORK_SEARCH_PATHS_QUOTED_FOR_TARGET_1 = "\"$(SRCROOT)/../../../libs/glut/lib/osx\"";
				GCC_DYNAMIC_NO_PIC = NO;
				GCC_GENERATE_DEBUGGING_SYMBOLS = YES;
				GCC_MODEL_TUNING = NONE;
				ICON = "$(ICON_NAME_DEBUG)";
				ICON_FILE = "$(ICON_FILE_PATH)$(ICON)";
				INFOPLIST_FILE = "openFrameworks-Info.plist";
				INSTALL_PATH = "$(HOME)/Applications";
				LIBRARY_SEARCH_PATHS = (
					"$(inherited)",
					"$(LIBRARY_SEARCH_PATHS_QUOTED_FOR_TARGET_1)",
					"$(LIBRARY_SEARCH_PATHS_QUOTED_FOR_TARGET_2)",
					"$(LIBRARY_SEARCH_PATHS_QUOTED_FOR_TARGET_3)",
					"$(LIBRARY_SEARCH_PATHS_QUOTED_FOR_TARGET_4)",
					"$(LIBRARY_SEARCH_PATHS_QUOTED_FOR_TARGET_5)",
					"$(LIBRARY_SEARCH_PATHS_QUOTED_FOR_TARGET_6)",
					"$(LIBRARY_SEARCH_PATHS_QUOTED_FOR_TARGET_7)",
					"$(LIBRARY_SEARCH_PATHS_QUOTED_FOR_TARGET_8)",
					"$(LIBRARY_SEARCH_PATHS_QUOTED_FOR_TARGET_9)",
					"$(LIBRARY_SEARCH_PATHS_QUOTED_FOR_TARGET_10)",
					"$(LIBRARY_SEARCH_PATHS_QUOTED_FOR_TARGET_11)",
					"$(LIBRARY_SEARCH_PATHS_QUOTED_FOR_TARGET_12)",
					"$(LIBRARY_SEARCH_PATHS_QUOTED_FOR_TARGET_13)",
					"$(LIBRARY_SEARCH_PATHS_QUOTED_FOR_TARGET_14)",
					"$(LIBRARY_SEARCH_PATHS_QUOTED_FOR_TARGET_15)",
					"$(LIBRARY_SEARCH_PATHS_QUOTED_FOR_TARGET_2)",
					"$(LIBRARY_SEARCH_PATHS_QUOTED_FOR_TARGET_3)",
					"$(LIBRARY_SEARCH_PATHS_QUOTED_FOR_TARGET_7)",
					"$(LIBRARY_SEARCH_PATHS_QUOTED_FOR_TARGET_8)",
					"$(LIBRARY_SEARCH_PATHS_QUOTED_FOR_TARGET_9)",
					"$(LIBRARY_SEARCH_PATHS_QUOTED_FOR_TARGET_10)",
					"$(LIBRARY_SEARCH_PATHS_QUOTED_FOR_TARGET_11)",
					"$(LIBRARY_SEARCH_PATHS_QUOTED_FOR_TARGET_12)",
					"$(LIBRARY_SEARCH_PATHS_QUOTED_FOR_TARGET_13)",
					"$(LIBRARY_SEARCH_PATHS_QUOTED_FOR_TARGET_16)",
					"$(LIBRARY_SEARCH_PATHS_QUOTED_FOR_TARGET_17)",
					"$(LIBRARY_SEARCH_PATHS_QUOTED_FOR_TARGET_18)",
					"$(LIBRARY_SEARCH_PATHS_QUOTED_FOR_TARGET_19)",
					"$(LIBRARY_SEARCH_PATHS_QUOTED_FOR_TARGET_20)",
					"$(LIBRARY_SEARCH_PATHS_QUOTED_FOR_TARGET_21)",
					"$(LIBRARY_SEARCH_PATHS_QUOTED_FOR_TARGET_22)",
					"$(LIBRARY_SEARCH_PATHS_QUOTED_FOR_TARGET_23)",
					"$(LIBRARY_SEARCH_PATHS_QUOTED_FOR_TARGET_24)",
					"$(LIBRARY_SEARCH_PATHS_QUOTED_FOR_TARGET_25)",
					"$(LIBRARY_SEARCH_PATHS_QUOTED_FOR_TARGET_26)",
					"$(LIBRARY_SEARCH_PATHS_QUOTED_FOR_TARGET_27)",
					"$(LIBRARY_SEARCH_PATHS_QUOTED_FOR_TARGET_28)",
					"$(LIBRARY_SEARCH_PATHS_QUOTED_FOR_TARGET_29)",
					"$(LIBRARY_SEARCH_PATHS_QUOTED_FOR_TARGET_30)",
					"$(LIBRARY_SEARCH_PATHS_QUOTED_FOR_TARGET_31)",
					"$(LIBRARY_SEARCH_PATHS_QUOTED_FOR_TARGET_32)",
					"$(LIBRARY_SEARCH_PATHS_QUOTED_FOR_TARGET_33)",
					"$(LIBRARY_SEARCH_PATHS_QUOTED_FOR_TARGET_34)",
					"$(LIBRARY_SEARCH_PATHS_QUOTED_FOR_TARGET_35)",
					"$(LIBRARY_SEARCH_PATHS_QUOTED_FOR_TARGET_36)",
					"$(LIBRARY_SEARCH_PATHS_QUOTED_FOR_TARGET_37)",
					"$(LIBRARY_SEARCH_PATHS_QUOTED_FOR_TARGET_38)",
					"$(LIBRARY_SEARCH_PATHS_QUOTED_FOR_TARGET_39)",
					"$(LIBRARY_SEARCH_PATHS_QUOTED_FOR_TARGET_40)",
					"$(LIBRARY_SEARCH_PATHS_QUOTED_FOR_TARGET_41)",
					"$(LIBRARY_SEARCH_PATHS_QUOTED_FOR_TARGET_42)",
					"$(LIBRARY_SEARCH_PATHS_QUOTED_FOR_TARGET_43)",
					"$(LIBRARY_SEARCH_PATHS_QUOTED_FOR_TARGET_44)",
					"$(LIBRARY_SEARCH_PATHS_QUOTED_FOR_TARGET_45)",
					"$(LIBRARY_SEARCH_PATHS_QUOTED_FOR_TARGET_46)",
					"$(LIBRARY_SEARCH_PATHS_QUOTED_FOR_TARGET_47)",
					"$(LIBRARY_SEARCH_PATHS_QUOTED_FOR_TARGET_48)",
					"$(LIBRARY_SEARCH_PATHS_QUOTED_FOR_TARGET_49)",
					"$(LIBRARY_SEARCH_PATHS_QUOTED_FOR_TARGET_50)",
					"$(LIBRARY_SEARCH_PATHS_QUOTED_FOR_TARGET_51)",
					"$(LIBRARY_SEARCH_PATHS_QUOTED_FOR_TARGET_52)",
				);
				PRODUCT_NAME = "$(TARGET_NAME)Debug";
				USER_HEADER_SEARCH_PATHS = "";
				WRAPPER_EXTENSION = app;
			};
			name = Debug;
		};
		E4B69B610A3A1757003C02F2 /* Release */ = {
			isa = XCBuildConfiguration;
			buildSettings = {
				COMBINE_HIDPI_IMAGES = YES;
				COPY_PHASE_STRIP = YES;
				FRAMEWORK_SEARCH_PATHS = (
					"$(inherited)",
					"$(FRAMEWORK_SEARCH_PATHS_QUOTED_FOR_TARGET_1)",
				);
				FRAMEWORK_SEARCH_PATHS_QUOTED_FOR_TARGET_1 = "\"$(SRCROOT)/../../../libs/glut/lib/osx\"";
				GCC_GENERATE_DEBUGGING_SYMBOLS = YES;
				GCC_MODEL_TUNING = NONE;
				ICON = "$(ICON_NAME_RELEASE)";
				ICON_FILE = "$(ICON_FILE_PATH)$(ICON)";
				INFOPLIST_FILE = "openFrameworks-Info.plist";
				INSTALL_PATH = "$(HOME)/Applications";
				LIBRARY_SEARCH_PATHS = (
					"$(inherited)",
					"$(LIBRARY_SEARCH_PATHS_QUOTED_FOR_TARGET_1)",
					"$(LIBRARY_SEARCH_PATHS_QUOTED_FOR_TARGET_2)",
					"$(LIBRARY_SEARCH_PATHS_QUOTED_FOR_TARGET_3)",
					"$(LIBRARY_SEARCH_PATHS_QUOTED_FOR_TARGET_4)",
					"$(LIBRARY_SEARCH_PATHS_QUOTED_FOR_TARGET_5)",
					"$(LIBRARY_SEARCH_PATHS_QUOTED_FOR_TARGET_6)",
					"$(LIBRARY_SEARCH_PATHS_QUOTED_FOR_TARGET_7)",
					"$(LIBRARY_SEARCH_PATHS_QUOTED_FOR_TARGET_8)",
					"$(LIBRARY_SEARCH_PATHS_QUOTED_FOR_TARGET_9)",
					"$(LIBRARY_SEARCH_PATHS_QUOTED_FOR_TARGET_10)",
					"$(LIBRARY_SEARCH_PATHS_QUOTED_FOR_TARGET_11)",
					"$(LIBRARY_SEARCH_PATHS_QUOTED_FOR_TARGET_12)",
					"$(LIBRARY_SEARCH_PATHS_QUOTED_FOR_TARGET_13)",
					"$(LIBRARY_SEARCH_PATHS_QUOTED_FOR_TARGET_14)",
					"$(LIBRARY_SEARCH_PATHS_QUOTED_FOR_TARGET_15)",
					"$(LIBRARY_SEARCH_PATHS_QUOTED_FOR_TARGET_2)",
					"$(LIBRARY_SEARCH_PATHS_QUOTED_1)",
					"$(LIBRARY_SEARCH_PATHS_QUOTED_FOR_TARGET_3)",
					"$(LIBRARY_SEARCH_PATHS_QUOTED_FOR_TARGET_7)",
					"$(LIBRARY_SEARCH_PATHS_QUOTED_FOR_TARGET_8)",
					"$(LIBRARY_SEARCH_PATHS_QUOTED_FOR_TARGET_9)",
					"$(LIBRARY_SEARCH_PATHS_QUOTED_FOR_TARGET_10)",
					"$(LIBRARY_SEARCH_PATHS_QUOTED_FOR_TARGET_11)",
					"$(LIBRARY_SEARCH_PATHS_QUOTED_FOR_TARGET_12)",
					"$(LIBRARY_SEARCH_PATHS_QUOTED_FOR_TARGET_13)",
					"$(LIBRARY_SEARCH_PATHS_QUOTED_FOR_TARGET_16)",
					"$(LIBRARY_SEARCH_PATHS_QUOTED_FOR_TARGET_17)",
					"$(LIBRARY_SEARCH_PATHS_QUOTED_FOR_TARGET_18)",
					"$(LIBRARY_SEARCH_PATHS_QUOTED_FOR_TARGET_19)",
					"$(LIBRARY_SEARCH_PATHS_QUOTED_FOR_TARGET_20)",
					"$(LIBRARY_SEARCH_PATHS_QUOTED_FOR_TARGET_21)",
					"$(LIBRARY_SEARCH_PATHS_QUOTED_FOR_TARGET_22)",
					"$(LIBRARY_SEARCH_PATHS_QUOTED_FOR_TARGET_23)",
					"$(LIBRARY_SEARCH_PATHS_QUOTED_FOR_TARGET_24)",
					"$(LIBRARY_SEARCH_PATHS_QUOTED_FOR_TARGET_25)",
					"$(LIBRARY_SEARCH_PATHS_QUOTED_FOR_TARGET_26)",
					"$(LIBRARY_SEARCH_PATHS_QUOTED_FOR_TARGET_27)",
					"$(LIBRARY_SEARCH_PATHS_QUOTED_FOR_TARGET_28)",
					"$(LIBRARY_SEARCH_PATHS_QUOTED_FOR_TARGET_29)",
					"$(LIBRARY_SEARCH_PATHS_QUOTED_FOR_TARGET_30)",
					"$(LIBRARY_SEARCH_PATHS_QUOTED_FOR_TARGET_31)",
					"$(LIBRARY_SEARCH_PATHS_QUOTED_FOR_TARGET_32)",
					"$(LIBRARY_SEARCH_PATHS_QUOTED_FOR_TARGET_33)",
					"$(LIBRARY_SEARCH_PATHS_QUOTED_FOR_TARGET_34)",
					"$(LIBRARY_SEARCH_PATHS_QUOTED_FOR_TARGET_35)",
					"$(LIBRARY_SEARCH_PATHS_QUOTED_FOR_TARGET_36)",
					"$(LIBRARY_SEARCH_PATHS_QUOTED_FOR_TARGET_37)",
					"$(LIBRARY_SEARCH_PATHS_QUOTED_FOR_TARGET_38)",
					"$(LIBRARY_SEARCH_PATHS_QUOTED_FOR_TARGET_39)",
					"$(LIBRARY_SEARCH_PATHS_QUOTED_FOR_TARGET_40)",
					"$(LIBRARY_SEARCH_PATHS_QUOTED_FOR_TARGET_41)",
					"$(LIBRARY_SEARCH_PATHS_QUOTED_FOR_TARGET_42)",
					"$(LIBRARY_SEARCH_PATHS_QUOTED_FOR_TARGET_43)",
					"$(LIBRARY_SEARCH_PATHS_QUOTED_FOR_TARGET_44)",
					"$(LIBRARY_SEARCH_PATHS_QUOTED_FOR_TARGET_45)",
					"$(LIBRARY_SEARCH_PATHS_QUOTED_FOR_TARGET_46)",
					"$(LIBRARY_SEARCH_PATHS_QUOTED_FOR_TARGET_47)",
					"$(LIBRARY_SEARCH_PATHS_QUOTED_FOR_TARGET_48)",
					"$(LIBRARY_SEARCH_PATHS_QUOTED_FOR_TARGET_49)",
					"$(LIBRARY_SEARCH_PATHS_QUOTED_FOR_TARGET_50)",
					"$(LIBRARY_SEARCH_PATHS_QUOTED_FOR_TARGET_51)",
				);
				PRODUCT_NAME = "$(TARGET_NAME)";
				USER_HEADER_SEARCH_PATHS = "";
				WRAPPER_EXTENSION = app;
			};
			name = Release;
		};
/* End XCBuildConfiguration section */

/* Begin XCConfigurationList section */
		E4B69B4D0A3A1720003C02F2 /* Build configuration list for PBXProject "algorithmicMondrian" */ = {
			isa = XCConfigurationList;
			buildConfigurations = (
				E4B69B4E0A3A1720003C02F2 /* Debug */,
				E4B69B4F0A3A1720003C02F2 /* Release */,
			);
			defaultConfigurationIsVisible = 0;
			defaultConfigurationName = Release;
		};
		E4B69B5F0A3A1757003C02F2 /* Build configuration list for PBXNativeTarget "algorithmicMondrian" */ = {
			isa = XCConfigurationList;
			buildConfigurations = (
				E4B69B600A3A1757003C02F2 /* Debug */,
				E4B69B610A3A1757003C02F2 /* Release */,
			);
			defaultConfigurationIsVisible = 0;
			defaultConfigurationName = Release;
		};
/* End XCConfigurationList section */
	};
	rootObject = E4B69B4C0A3A1720003C02F2 /* Project object */;
}
